// !$*UTF8*$!
{
	archiveVersion = 1;
	classes = {
	};
	objectVersion = 48;
	objects = {

/* Begin PBXBuildFile section */
		AE959B160044909078CE5B67 /* Pods_RailwayWidget.framework in Frameworks */ = {isa = PBXBuildFile; fileRef = 08767504D871EFE1B23FDACE /* Pods_RailwayWidget.framework */; };
		D12510FF210F8F2500393C31 /* NotificationCenter.framework in Frameworks */ = {isa = PBXBuildFile; fileRef = D12510FE210F8F2500393C31 /* NotificationCenter.framework */; };
		D1251102210F8F2500393C31 /* TodayViewController.swift in Sources */ = {isa = PBXBuildFile; fileRef = D1251101210F8F2500393C31 /* TodayViewController.swift */; };
		D1251105210F8F2500393C31 /* MainInterface.storyboard in Resources */ = {isa = PBXBuildFile; fileRef = D1251103210F8F2500393C31 /* MainInterface.storyboard */; };
		D1251109210F8F2500393C31 /* RailwayWidget.appex in Embed App Extensions */ = {isa = PBXBuildFile; fileRef = D12510FD210F8F2400393C31 /* RailwayWidget.appex */; settings = {ATTRIBUTES = (RemoveHeadersOnCopy, ); }; };
		D1251110210F960400393C31 /* DatabaseManager.swift in Sources */ = {isa = PBXBuildFile; fileRef = D133E9732083A33F00D007F4 /* DatabaseManager.swift */; };
		D1251111210F973F00393C31 /* NotificationSettingsCoreDataModel+CoreDataClass.swift in Sources */ = {isa = PBXBuildFile; fileRef = D1F4985920E910C000796F93 /* NotificationSettingsCoreDataModel+CoreDataClass.swift */; };
		D1251112210F973F00393C31 /* NotificationSettingsCoreDataModel+CoreDataProperties.swift in Sources */ = {isa = PBXBuildFile; fileRef = D1F4985820E910C000796F93 /* NotificationSettingsCoreDataModel+CoreDataProperties.swift */; };
		D1251113210F973F00393C31 /* StationCoreDataModel+CoreDataClass.swift in Sources */ = {isa = PBXBuildFile; fileRef = D133E9672083A1BF00D007F4 /* StationCoreDataModel+CoreDataClass.swift */; };
		D1251114210F973F00393C31 /* StationCoreDataModel+CoreDataProperties.swift in Sources */ = {isa = PBXBuildFile; fileRef = D133E9682083A1BF00D007F4 /* StationCoreDataModel+CoreDataProperties.swift */; };
		D1251115210F973F00393C31 /* TicketCoreDataModel+CoreDataClass.swift in Sources */ = {isa = PBXBuildFile; fileRef = D133E9692083A1BF00D007F4 /* TicketCoreDataModel+CoreDataClass.swift */; };
		D1251116210F973F00393C31 /* TicketCoreDataModel+CoreDataProperties.swift in Sources */ = {isa = PBXBuildFile; fileRef = D133E96A2083A1BF00D007F4 /* TicketCoreDataModel+CoreDataProperties.swift */; };
		D1251117210F973F00393C31 /* PlaceCoreDataModel+CoreDataClass.swift in Sources */ = {isa = PBXBuildFile; fileRef = D133E96B2083A1BF00D007F4 /* PlaceCoreDataModel+CoreDataClass.swift */; };
		D1251118210F973F00393C31 /* PlaceCoreDataModel+CoreDataProperties.swift in Sources */ = {isa = PBXBuildFile; fileRef = D133E96C2083A1BF00D007F4 /* PlaceCoreDataModel+CoreDataProperties.swift */; };
		D1251119210F974500393C31 /* Ticket.swift in Sources */ = {isa = PBXBuildFile; fileRef = D1DBE72320741BB1000587C8 /* Ticket.swift */; };
		D125111A210F974500393C31 /* Station.swift in Sources */ = {isa = PBXBuildFile; fileRef = D1DBE72520741C20000587C8 /* Station.swift */; };
		D125111B210F974500393C31 /* Place.swift in Sources */ = {isa = PBXBuildFile; fileRef = D12BEBBC207934ED0044F6F1 /* Place.swift */; };
		D125111C210F974500393C31 /* NotificationAlert.swift in Sources */ = {isa = PBXBuildFile; fileRef = D1F78BA420E15798003DA8AF /* NotificationAlert.swift */; };
		D125111D210F975100393C31 /* Date.swift in Sources */ = {isa = PBXBuildFile; fileRef = D1DD9C6520C3EDF50050D56F /* Date.swift */; };
		D125111E210F976000393C31 /* DateFormatters.swift in Sources */ = {isa = PBXBuildFile; fileRef = D133E97C2083CC9B00D007F4 /* DateFormatters.swift */; };
		D125111F210F992800393C31 /* Railway.xcdatamodeld in Sources */ = {isa = PBXBuildFile; fileRef = D12BEBE6207956850044F6F1 /* Railway.xcdatamodeld */; };
		D1280D8120BC771300A386ED /* AddTicketViewController.swift in Sources */ = {isa = PBXBuildFile; fileRef = D1280D8020BC771300A386ED /* AddTicketViewController.swift */; };
		D1280D8320BC7AB100A386ED /* AddTicketViewModel.swift in Sources */ = {isa = PBXBuildFile; fileRef = D1280D8220BC7AB100A386ED /* AddTicketViewModel.swift */; };
		D12BC03120CB174D0005CBD1 /* MailSyncronizer.swift in Sources */ = {isa = PBXBuildFile; fileRef = D12BC03020CB174D0005CBD1 /* MailSyncronizer.swift */; };
		D12BC03320CB1A400005CBD1 /* Typealiases.swift in Sources */ = {isa = PBXBuildFile; fileRef = D12BC03220CB1A400005CBD1 /* Typealiases.swift */; };
		D12BEBBD207934ED0044F6F1 /* Place.swift in Sources */ = {isa = PBXBuildFile; fileRef = D12BEBBC207934ED0044F6F1 /* Place.swift */; };
		D12BEBC0207936A10044F6F1 /* TicketViewModel.swift in Sources */ = {isa = PBXBuildFile; fileRef = D12BEBBF207936A10044F6F1 /* TicketViewModel.swift */; };
		D12BEBC4207939070044F6F1 /* TicketCollapsedTableViewCell.swift in Sources */ = {isa = PBXBuildFile; fileRef = D12BEBC3207939070044F6F1 /* TicketCollapsedTableViewCell.swift */; };
		D12BEBE8207956860044F6F1 /* Railway.xcdatamodeld in Sources */ = {isa = PBXBuildFile; fileRef = D12BEBE6207956850044F6F1 /* Railway.xcdatamodeld */; };
		D133E96D2083A1BF00D007F4 /* StationCoreDataModel+CoreDataClass.swift in Sources */ = {isa = PBXBuildFile; fileRef = D133E9672083A1BF00D007F4 /* StationCoreDataModel+CoreDataClass.swift */; };
		D133E96E2083A1BF00D007F4 /* StationCoreDataModel+CoreDataProperties.swift in Sources */ = {isa = PBXBuildFile; fileRef = D133E9682083A1BF00D007F4 /* StationCoreDataModel+CoreDataProperties.swift */; };
		D133E96F2083A1BF00D007F4 /* TicketCoreDataModel+CoreDataClass.swift in Sources */ = {isa = PBXBuildFile; fileRef = D133E9692083A1BF00D007F4 /* TicketCoreDataModel+CoreDataClass.swift */; };
		D133E9702083A1BF00D007F4 /* TicketCoreDataModel+CoreDataProperties.swift in Sources */ = {isa = PBXBuildFile; fileRef = D133E96A2083A1BF00D007F4 /* TicketCoreDataModel+CoreDataProperties.swift */; };
		D133E9712083A1BF00D007F4 /* PlaceCoreDataModel+CoreDataClass.swift in Sources */ = {isa = PBXBuildFile; fileRef = D133E96B2083A1BF00D007F4 /* PlaceCoreDataModel+CoreDataClass.swift */; };
		D133E9722083A1BF00D007F4 /* PlaceCoreDataModel+CoreDataProperties.swift in Sources */ = {isa = PBXBuildFile; fileRef = D133E96C2083A1BF00D007F4 /* PlaceCoreDataModel+CoreDataProperties.swift */; };
		D133E9742083A33F00D007F4 /* DatabaseManager.swift in Sources */ = {isa = PBXBuildFile; fileRef = D133E9732083A33F00D007F4 /* DatabaseManager.swift */; };
		D133E9762083C31400D007F4 /* TicketDetailsViewController.swift in Sources */ = {isa = PBXBuildFile; fileRef = D133E9752083C31400D007F4 /* TicketDetailsViewController.swift */; };
		D133E97A2083CC1900D007F4 /* TicketDetailsViewModel.swift in Sources */ = {isa = PBXBuildFile; fileRef = D133E9792083CC1900D007F4 /* TicketDetailsViewModel.swift */; };
		D133E97D2083CC9B00D007F4 /* DateFormatters.swift in Sources */ = {isa = PBXBuildFile; fileRef = D133E97C2083CC9B00D007F4 /* DateFormatters.swift */; };
		D133E97F2083D3A400D007F4 /* PlaceView.xib in Resources */ = {isa = PBXBuildFile; fileRef = D133E97E2083D3A400D007F4 /* PlaceView.xib */; };
		D133E9812083D5CF00D007F4 /* PlaceView.swift in Sources */ = {isa = PBXBuildFile; fileRef = D133E9802083D5CF00D007F4 /* PlaceView.swift */; };
		D133E9842083D63D00D007F4 /* UIView.swift in Sources */ = {isa = PBXBuildFile; fileRef = D133E9832083D63D00D007F4 /* UIView.swift */; };
		D133E9862083D90100D007F4 /* PlaceViewModel.swift in Sources */ = {isa = PBXBuildFile; fileRef = D133E9852083D90100D007F4 /* PlaceViewModel.swift */; };
		D13F4B2B20DFDF0600A3F8D9 /* NotificationsToggleTableViewCell.swift in Sources */ = {isa = PBXBuildFile; fileRef = D13F4B2A20DFDF0600A3F8D9 /* NotificationsToggleTableViewCell.swift */; };
		D13F4B2D20DFDF9700A3F8D9 /* NotificationRecordTableViewCell.swift in Sources */ = {isa = PBXBuildFile; fileRef = D13F4B2C20DFDF9700A3F8D9 /* NotificationRecordTableViewCell.swift */; };
		D13F4B2F20DFDFDA00A3F8D9 /* NotificationsViewModel.swift in Sources */ = {isa = PBXBuildFile; fileRef = D13F4B2E20DFDFDA00A3F8D9 /* NotificationsViewModel.swift */; };
		D13F4B3120DFE13F00A3F8D9 /* NotificationsSection.swift in Sources */ = {isa = PBXBuildFile; fileRef = D13F4B3020DFE13F00A3F8D9 /* NotificationsSection.swift */; };
		D1417B6E20D6D81C00A99DD8 /* NotificationManager.swift in Sources */ = {isa = PBXBuildFile; fileRef = D1417B6D20D6D81C00A99DD8 /* NotificationManager.swift */; };
		D14A6824212DF50600BB1A69 /* PhoneConnectivityManager.swift in Sources */ = {isa = PBXBuildFile; fileRef = D14A6823212DF50600BB1A69 /* PhoneConnectivityManager.swift */; };
		D15AFF3A20CF09370023E596 /* SettingsSection.swift in Sources */ = {isa = PBXBuildFile; fileRef = D15AFF3920CF09370023E596 /* SettingsSection.swift */; };
		D15E4F7020BC8C8300B18643 /* AddPlaceViewController.swift in Sources */ = {isa = PBXBuildFile; fileRef = D15E4F6F20BC8C8300B18643 /* AddPlaceViewController.swift */; };
		D15E4F7420BC8E5E00B18643 /* AddPlaceView.swift in Sources */ = {isa = PBXBuildFile; fileRef = D15E4F7320BC8E5E00B18643 /* AddPlaceView.swift */; };
		D16C046820DF9CDA007155ED /* NotificationsViewController.swift in Sources */ = {isa = PBXBuildFile; fileRef = D16C046720DF9CDA007155ED /* NotificationsViewController.swift */; };
		D16C046A20DF9E23007155ED /* NotificationSettingsTableViewCell.swift in Sources */ = {isa = PBXBuildFile; fileRef = D16C046920DF9E23007155ED /* NotificationSettingsTableViewCell.swift */; };
		D16C046C20DFA032007155ED /* ContainerViewController.swift in Sources */ = {isa = PBXBuildFile; fileRef = D16C046B20DFA032007155ED /* ContainerViewController.swift */; };
		D189540320FBD2850040411D /* CollapsedTicketView.xib in Resources */ = {isa = PBXBuildFile; fileRef = D189540220FBD2850040411D /* CollapsedTicketView.xib */; };
		D189540520FBD2BC0040411D /* ExpandedTicketView.swift in Sources */ = {isa = PBXBuildFile; fileRef = D189540420FBD2BC0040411D /* ExpandedTicketView.swift */; };
		D189540720FBD3BD0040411D /* CollapsedTicketView.swift in Sources */ = {isa = PBXBuildFile; fileRef = D189540620FBD3BD0040411D /* CollapsedTicketView.swift */; };
		D189540920FBD61F0040411D /* TicketTransitionView.swift in Sources */ = {isa = PBXBuildFile; fileRef = D189540820FBD61F0040411D /* TicketTransitionView.swift */; };
		D1895EFE20BF0B730008EDB2 /* AddPlaceViewModel.swift in Sources */ = {isa = PBXBuildFile; fileRef = D1895EFD20BF0B730008EDB2 /* AddPlaceViewModel.swift */; };
		D1B6C68520CBB8DE005774AA /* SettingsViewModel.swift in Sources */ = {isa = PBXBuildFile; fileRef = D1B6C68420CBB8DE005774AA /* SettingsViewModel.swift */; };
		D1BB8718211EC512005D8FB6 /* Interface.storyboard in Resources */ = {isa = PBXBuildFile; fileRef = D1BB8716211EC512005D8FB6 /* Interface.storyboard */; };
		D1BB871A211EC514005D8FB6 /* Assets.xcassets in Resources */ = {isa = PBXBuildFile; fileRef = D1BB8719211EC514005D8FB6 /* Assets.xcassets */; };
		D1BB8721211EC514005D8FB6 /* Railway Watch Extension.appex in Embed App Extensions */ = {isa = PBXBuildFile; fileRef = D1BB8720211EC514005D8FB6 /* Railway Watch Extension.appex */; settings = {ATTRIBUTES = (RemoveHeadersOnCopy, ); }; };
		D1BB8726211EC514005D8FB6 /* InterfaceController.swift in Sources */ = {isa = PBXBuildFile; fileRef = D1BB8725211EC514005D8FB6 /* InterfaceController.swift */; };
		D1BB8728211EC514005D8FB6 /* ExtensionDelegate.swift in Sources */ = {isa = PBXBuildFile; fileRef = D1BB8727211EC514005D8FB6 /* ExtensionDelegate.swift */; };
		D1BB872A211EC514005D8FB6 /* Assets.xcassets in Resources */ = {isa = PBXBuildFile; fileRef = D1BB8729211EC514005D8FB6 /* Assets.xcassets */; };
		D1BB872E211EC514005D8FB6 /* Railway Watch.app in Embed Watch Content */ = {isa = PBXBuildFile; fileRef = D1BB8714211EC512005D8FB6 /* Railway Watch.app */; };
		D1BB8738211F1FAF005D8FB6 /* WatchConnectivityManager.swift in Sources */ = {isa = PBXBuildFile; fileRef = D1BB8737211F1FAF005D8FB6 /* WatchConnectivityManager.swift */; };
		D1BB8739211F241C005D8FB6 /* Ticket.swift in Sources */ = {isa = PBXBuildFile; fileRef = D1DBE72320741BB1000587C8 /* Ticket.swift */; };
		D1BB873A211F2420005D8FB6 /* Station.swift in Sources */ = {isa = PBXBuildFile; fileRef = D1DBE72520741C20000587C8 /* Station.swift */; };
		D1BB873B211F2420005D8FB6 /* Place.swift in Sources */ = {isa = PBXBuildFile; fileRef = D12BEBBC207934ED0044F6F1 /* Place.swift */; };
		D1BB873D211F26AE005D8FB6 /* TicketExpandedRowController.swift in Sources */ = {isa = PBXBuildFile; fileRef = D1BB873C211F26AE005D8FB6 /* TicketExpandedRowController.swift */; };
		D1BB873E211F27AD005D8FB6 /* DateFormatters.swift in Sources */ = {isa = PBXBuildFile; fileRef = D133E97C2083CC9B00D007F4 /* DateFormatters.swift */; };
		D1C7C5452132CE30008E6288 /* AddPlaceView.xib in Resources */ = {isa = PBXBuildFile; fileRef = D1C7C5472132CE30008E6288 /* AddPlaceView.xib */; };
		D1C7C54A2132CEF9008E6288 /* ExpandedTicketView.xib in Resources */ = {isa = PBXBuildFile; fileRef = D1C7C54C2132CEF9008E6288 /* ExpandedTicketView.xib */; };
		D1C7C5512132D05D008E6288 /* Localizable.strings in Resources */ = {isa = PBXBuildFile; fileRef = D1C7C5532132D05D008E6288 /* Localizable.strings */; };
		D1C7C5552132DB76008E6288 /* ComplicationsController.swift in Sources */ = {isa = PBXBuildFile; fileRef = D1C7C5542132DB76008E6288 /* ComplicationsController.swift */; };
		D1C7C5572132E082008E6288 /* TicketsStorage.swift in Sources */ = {isa = PBXBuildFile; fileRef = D1C7C5562132E082008E6288 /* TicketsStorage.swift */; };
		D1CE0C3C212B3CD6008D93C4 /* NavigationController.swift in Sources */ = {isa = PBXBuildFile; fileRef = D1CE0C3B212B3CD6008D93C4 /* NavigationController.swift */; };
		D1CE0C3D212B44A6008D93C4 /* Assets.xcassets in Resources */ = {isa = PBXBuildFile; fileRef = D1DBE71820741A07000587C8 /* Assets.xcassets */; };
		D1D40F1F20EA7D1F002BE278 /* TicketOpenAnimator.swift in Sources */ = {isa = PBXBuildFile; fileRef = D1D40F1E20EA7D1F002BE278 /* TicketOpenAnimator.swift */; };
		D1D676DA211386A400AB0179 /* PlaceView.xib in Resources */ = {isa = PBXBuildFile; fileRef = D133E97E2083D3A400D007F4 /* PlaceView.xib */; };
		D1D676DB211386A400AB0179 /* PlaceView.swift in Sources */ = {isa = PBXBuildFile; fileRef = D133E9802083D5CF00D007F4 /* PlaceView.swift */; };
		D1D676DC211387E300AB0179 /* UIView.swift in Sources */ = {isa = PBXBuildFile; fileRef = D133E9832083D63D00D007F4 /* UIView.swift */; };
		D1DBE71220741A06000587C8 /* AppDelegate.swift in Sources */ = {isa = PBXBuildFile; fileRef = D1DBE71120741A06000587C8 /* AppDelegate.swift */; };
		D1DBE71720741A06000587C8 /* Main.storyboard in Resources */ = {isa = PBXBuildFile; fileRef = D1DBE71520741A06000587C8 /* Main.storyboard */; };
		D1DBE71920741A07000587C8 /* Assets.xcassets in Resources */ = {isa = PBXBuildFile; fileRef = D1DBE71820741A07000587C8 /* Assets.xcassets */; };
		D1DBE71C20741A07000587C8 /* LaunchScreen.storyboard in Resources */ = {isa = PBXBuildFile; fileRef = D1DBE71A20741A07000587C8 /* LaunchScreen.storyboard */; };
		D1DBE72420741BB1000587C8 /* Ticket.swift in Sources */ = {isa = PBXBuildFile; fileRef = D1DBE72320741BB1000587C8 /* Ticket.swift */; };
		D1DBE72620741C20000587C8 /* Station.swift in Sources */ = {isa = PBXBuildFile; fileRef = D1DBE72520741C20000587C8 /* Station.swift */; };
		D1DBE72820741C92000587C8 /* TicketListViewController.swift in Sources */ = {isa = PBXBuildFile; fileRef = D1DBE72720741C92000587C8 /* TicketListViewController.swift */; };
		D1DBE72C20741CF8000587C8 /* ViewController.swift in Sources */ = {isa = PBXBuildFile; fileRef = D1DBE72B20741CF8000587C8 /* ViewController.swift */; };
		D1DBE72E20741F1D000587C8 /* TicketListViewModel.swift in Sources */ = {isa = PBXBuildFile; fileRef = D1DBE72D20741F1D000587C8 /* TicketListViewModel.swift */; };
		D1DD9C6220C3BEA20050D56F /* SettingsViewController.swift in Sources */ = {isa = PBXBuildFile; fileRef = D1DD9C6120C3BEA20050D56F /* SettingsViewController.swift */; };
		D1DD9C6420C3E9D70050D56F /* MessageProcessor.swift in Sources */ = {isa = PBXBuildFile; fileRef = D1DD9C6320C3E9D70050D56F /* MessageProcessor.swift */; };
		D1DD9C6620C3EDF50050D56F /* Date.swift in Sources */ = {isa = PBXBuildFile; fileRef = D1DD9C6520C3EDF50050D56F /* Date.swift */; };
		D1F4985120E8E07900796F93 /* NotificationSaveTableViewCell.swift in Sources */ = {isa = PBXBuildFile; fileRef = D1F4985020E8E07900796F93 /* NotificationSaveTableViewCell.swift */; };
		D1F4985320E8E89E00796F93 /* DisposableTableViewCell.swift in Sources */ = {isa = PBXBuildFile; fileRef = D1F4985220E8E89E00796F93 /* DisposableTableViewCell.swift */; };
		D1F4985A20E910C000796F93 /* NotificationSettingsCoreDataModel+CoreDataProperties.swift in Sources */ = {isa = PBXBuildFile; fileRef = D1F4985820E910C000796F93 /* NotificationSettingsCoreDataModel+CoreDataProperties.swift */; };
		D1F4985B20E910C000796F93 /* NotificationSettingsCoreDataModel+CoreDataClass.swift in Sources */ = {isa = PBXBuildFile; fileRef = D1F4985920E910C000796F93 /* NotificationSettingsCoreDataModel+CoreDataClass.swift */; };
		D1F6AB1A20D0549500461579 /* UIColor.swift in Sources */ = {isa = PBXBuildFile; fileRef = D1F6AB1920D0549500461579 /* UIColor.swift */; };
		D1F6AB1C20D0554A00461579 /* HighlightableTableViewCell.swift in Sources */ = {isa = PBXBuildFile; fileRef = D1F6AB1B20D0554A00461579 /* HighlightableTableViewCell.swift */; };
		D1F6AB1E20D055D700461579 /* GmailTableViewCell.swift in Sources */ = {isa = PBXBuildFile; fileRef = D1F6AB1D20D055D700461579 /* GmailTableViewCell.swift */; };
		D1F74125213AC99700B4D082 /* Localizable.strings in Resources */ = {isa = PBXBuildFile; fileRef = D1F74127213AC99700B4D082 /* Localizable.strings */; };
		D1F78BA520E15798003DA8AF /* NotificationAlert.swift in Sources */ = {isa = PBXBuildFile; fileRef = D1F78BA420E15798003DA8AF /* NotificationAlert.swift */; };
		D1F78BA720E16599003DA8AF /* Int.swift in Sources */ = {isa = PBXBuildFile; fileRef = D1F78BA620E16599003DA8AF /* Int.swift */; };
		D1F78BA920E16BAC003DA8AF /* NotificationAddAlertTableViewCell.swift in Sources */ = {isa = PBXBuildFile; fileRef = D1F78BA820E16BAC003DA8AF /* NotificationAddAlertTableViewCell.swift */; };
		D1F78BAB20E171F1003DA8AF /* NotificationPickerTableViewCell.swift in Sources */ = {isa = PBXBuildFile; fileRef = D1F78BAA20E171F1003DA8AF /* NotificationPickerTableViewCell.swift */; };
		EC21ADD328B6DA7D6B600587 /* Pods_Railway.framework in Frameworks */ = {isa = PBXBuildFile; fileRef = FDAD9297375B4E06BACB57E3 /* Pods_Railway.framework */; };
/* End PBXBuildFile section */

/* Begin PBXContainerItemProxy section */
		D1251107210F8F2500393C31 /* PBXContainerItemProxy */ = {
			isa = PBXContainerItemProxy;
			containerPortal = D1DBE70620741A06000587C8 /* Project object */;
			proxyType = 1;
			remoteGlobalIDString = D12510FC210F8F2400393C31;
			remoteInfo = RailwayWidget;
		};
		D1BB8722211EC514005D8FB6 /* PBXContainerItemProxy */ = {
			isa = PBXContainerItemProxy;
			containerPortal = D1DBE70620741A06000587C8 /* Project object */;
			proxyType = 1;
			remoteGlobalIDString = D1BB871F211EC514005D8FB6;
			remoteInfo = "Railway Watch Extension";
		};
		D1BB872C211EC514005D8FB6 /* PBXContainerItemProxy */ = {
			isa = PBXContainerItemProxy;
			containerPortal = D1DBE70620741A06000587C8 /* Project object */;
			proxyType = 1;
			remoteGlobalIDString = D1BB8713211EC512005D8FB6;
			remoteInfo = "Railway Watch";
		};
/* End PBXContainerItemProxy section */

/* Begin PBXCopyFilesBuildPhase section */
		D125110D210F8F2500393C31 /* Embed App Extensions */ = {
			isa = PBXCopyFilesBuildPhase;
			buildActionMask = 2147483647;
			dstPath = "";
			dstSubfolderSpec = 13;
			files = (
				D1251109210F8F2500393C31 /* RailwayWidget.appex in Embed App Extensions */,
			);
			name = "Embed App Extensions";
			runOnlyForDeploymentPostprocessing = 0;
		};
		D1BB8734211EC514005D8FB6 /* Embed App Extensions */ = {
			isa = PBXCopyFilesBuildPhase;
			buildActionMask = 2147483647;
			dstPath = "";
			dstSubfolderSpec = 13;
			files = (
				D1BB8721211EC514005D8FB6 /* Railway Watch Extension.appex in Embed App Extensions */,
			);
			name = "Embed App Extensions";
			runOnlyForDeploymentPostprocessing = 0;
		};
		D1BB8736211EC514005D8FB6 /* Embed Watch Content */ = {
			isa = PBXCopyFilesBuildPhase;
			buildActionMask = 2147483647;
			dstPath = "$(CONTENTS_FOLDER_PATH)/Watch";
			dstSubfolderSpec = 16;
			files = (
				D1BB872E211EC514005D8FB6 /* Railway Watch.app in Embed Watch Content */,
			);
			name = "Embed Watch Content";
			runOnlyForDeploymentPostprocessing = 0;
		};
/* End PBXCopyFilesBuildPhase section */

/* Begin PBXFileReference section */
		08767504D871EFE1B23FDACE /* Pods_RailwayWidget.framework */ = {isa = PBXFileReference; explicitFileType = wrapper.framework; includeInIndex = 0; path = Pods_RailwayWidget.framework; sourceTree = BUILT_PRODUCTS_DIR; };
		0AB2B7B43044D239C734C6C5 /* Pods-RailwayWidget.debug.xcconfig */ = {isa = PBXFileReference; includeInIndex = 1; lastKnownFileType = text.xcconfig; name = "Pods-RailwayWidget.debug.xcconfig"; path = "Pods/Target Support Files/Pods-RailwayWidget/Pods-RailwayWidget.debug.xcconfig"; sourceTree = "<group>"; };
		484DC03D9F1BB7A19C5B5258 /* Pods-Railway.release.xcconfig */ = {isa = PBXFileReference; includeInIndex = 1; lastKnownFileType = text.xcconfig; name = "Pods-Railway.release.xcconfig"; path = "Pods/Target Support Files/Pods-Railway/Pods-Railway.release.xcconfig"; sourceTree = "<group>"; };
		59EC450D753214532F229326 /* Pods-Railway.debug.xcconfig */ = {isa = PBXFileReference; includeInIndex = 1; lastKnownFileType = text.xcconfig; name = "Pods-Railway.debug.xcconfig"; path = "Pods/Target Support Files/Pods-Railway/Pods-Railway.debug.xcconfig"; sourceTree = "<group>"; };
		D109DF092135D3A2003989EC /* en */ = {isa = PBXFileReference; lastKnownFileType = text.plist.strings; name = en; path = en.lproj/Main.strings; sourceTree = "<group>"; };
		D12510FD210F8F2400393C31 /* RailwayWidget.appex */ = {isa = PBXFileReference; explicitFileType = "wrapper.app-extension"; includeInIndex = 0; path = RailwayWidget.appex; sourceTree = BUILT_PRODUCTS_DIR; };
		D12510FE210F8F2500393C31 /* NotificationCenter.framework */ = {isa = PBXFileReference; lastKnownFileType = wrapper.framework; name = NotificationCenter.framework; path = System/Library/Frameworks/NotificationCenter.framework; sourceTree = SDKROOT; };
		D1251101210F8F2500393C31 /* TodayViewController.swift */ = {isa = PBXFileReference; lastKnownFileType = sourcecode.swift; path = TodayViewController.swift; sourceTree = "<group>"; };
		D1251104210F8F2500393C31 /* Base */ = {isa = PBXFileReference; lastKnownFileType = file.storyboard; name = Base; path = Base.lproj/MainInterface.storyboard; sourceTree = "<group>"; };
		D1251106210F8F2500393C31 /* Info.plist */ = {isa = PBXFileReference; lastKnownFileType = text.plist.xml; path = Info.plist; sourceTree = "<group>"; };
		D125110E210F90FF00393C31 /* Railway.entitlements */ = {isa = PBXFileReference; lastKnownFileType = text.plist.entitlements; path = Railway.entitlements; sourceTree = "<group>"; };
		D125110F210F911B00393C31 /* RailwayWidget.entitlements */ = {isa = PBXFileReference; lastKnownFileType = text.plist.entitlements; path = RailwayWidget.entitlements; sourceTree = "<group>"; };
		D1280D8020BC771300A386ED /* AddTicketViewController.swift */ = {isa = PBXFileReference; lastKnownFileType = sourcecode.swift; path = AddTicketViewController.swift; sourceTree = "<group>"; };
		D1280D8220BC7AB100A386ED /* AddTicketViewModel.swift */ = {isa = PBXFileReference; lastKnownFileType = sourcecode.swift; path = AddTicketViewModel.swift; sourceTree = "<group>"; };
		D12BC03020CB174D0005CBD1 /* MailSyncronizer.swift */ = {isa = PBXFileReference; lastKnownFileType = sourcecode.swift; path = MailSyncronizer.swift; sourceTree = "<group>"; };
		D12BC03220CB1A400005CBD1 /* Typealiases.swift */ = {isa = PBXFileReference; lastKnownFileType = sourcecode.swift; path = Typealiases.swift; sourceTree = "<group>"; };
		D12BEBBC207934ED0044F6F1 /* Place.swift */ = {isa = PBXFileReference; lastKnownFileType = sourcecode.swift; path = Place.swift; sourceTree = "<group>"; };
		D12BEBBF207936A10044F6F1 /* TicketViewModel.swift */ = {isa = PBXFileReference; lastKnownFileType = sourcecode.swift; path = TicketViewModel.swift; sourceTree = "<group>"; };
		D12BEBC3207939070044F6F1 /* TicketCollapsedTableViewCell.swift */ = {isa = PBXFileReference; lastKnownFileType = sourcecode.swift; path = TicketCollapsedTableViewCell.swift; sourceTree = "<group>"; };
		D12BEBE7207956850044F6F1 /* Railway.xcdatamodel */ = {isa = PBXFileReference; lastKnownFileType = wrapper.xcdatamodel; path = Railway.xcdatamodel; sourceTree = "<group>"; };
		D133E9672083A1BF00D007F4 /* StationCoreDataModel+CoreDataClass.swift */ = {isa = PBXFileReference; lastKnownFileType = sourcecode.swift; path = "StationCoreDataModel+CoreDataClass.swift"; sourceTree = "<group>"; };
		D133E9682083A1BF00D007F4 /* StationCoreDataModel+CoreDataProperties.swift */ = {isa = PBXFileReference; lastKnownFileType = sourcecode.swift; path = "StationCoreDataModel+CoreDataProperties.swift"; sourceTree = "<group>"; };
		D133E9692083A1BF00D007F4 /* TicketCoreDataModel+CoreDataClass.swift */ = {isa = PBXFileReference; lastKnownFileType = sourcecode.swift; path = "TicketCoreDataModel+CoreDataClass.swift"; sourceTree = "<group>"; };
		D133E96A2083A1BF00D007F4 /* TicketCoreDataModel+CoreDataProperties.swift */ = {isa = PBXFileReference; lastKnownFileType = sourcecode.swift; path = "TicketCoreDataModel+CoreDataProperties.swift"; sourceTree = "<group>"; };
		D133E96B2083A1BF00D007F4 /* PlaceCoreDataModel+CoreDataClass.swift */ = {isa = PBXFileReference; lastKnownFileType = sourcecode.swift; path = "PlaceCoreDataModel+CoreDataClass.swift"; sourceTree = "<group>"; };
		D133E96C2083A1BF00D007F4 /* PlaceCoreDataModel+CoreDataProperties.swift */ = {isa = PBXFileReference; lastKnownFileType = sourcecode.swift; path = "PlaceCoreDataModel+CoreDataProperties.swift"; sourceTree = "<group>"; };
		D133E9732083A33F00D007F4 /* DatabaseManager.swift */ = {isa = PBXFileReference; lastKnownFileType = sourcecode.swift; path = DatabaseManager.swift; sourceTree = "<group>"; };
		D133E9752083C31400D007F4 /* TicketDetailsViewController.swift */ = {isa = PBXFileReference; lastKnownFileType = sourcecode.swift; path = TicketDetailsViewController.swift; sourceTree = "<group>"; };
		D133E9792083CC1900D007F4 /* TicketDetailsViewModel.swift */ = {isa = PBXFileReference; lastKnownFileType = sourcecode.swift; path = TicketDetailsViewModel.swift; sourceTree = "<group>"; };
		D133E97C2083CC9B00D007F4 /* DateFormatters.swift */ = {isa = PBXFileReference; lastKnownFileType = sourcecode.swift; path = DateFormatters.swift; sourceTree = "<group>"; };
		D133E97E2083D3A400D007F4 /* PlaceView.xib */ = {isa = PBXFileReference; lastKnownFileType = file.xib; path = PlaceView.xib; sourceTree = "<group>"; };
		D133E9802083D5CF00D007F4 /* PlaceView.swift */ = {isa = PBXFileReference; lastKnownFileType = sourcecode.swift; path = PlaceView.swift; sourceTree = "<group>"; };
		D133E9832083D63D00D007F4 /* UIView.swift */ = {isa = PBXFileReference; lastKnownFileType = sourcecode.swift; path = UIView.swift; sourceTree = "<group>"; };
		D133E9852083D90100D007F4 /* PlaceViewModel.swift */ = {isa = PBXFileReference; lastKnownFileType = sourcecode.swift; path = PlaceViewModel.swift; sourceTree = "<group>"; };
		D13F4B2A20DFDF0600A3F8D9 /* NotificationsToggleTableViewCell.swift */ = {isa = PBXFileReference; lastKnownFileType = sourcecode.swift; path = NotificationsToggleTableViewCell.swift; sourceTree = "<group>"; };
		D13F4B2C20DFDF9700A3F8D9 /* NotificationRecordTableViewCell.swift */ = {isa = PBXFileReference; lastKnownFileType = sourcecode.swift; path = NotificationRecordTableViewCell.swift; sourceTree = "<group>"; };
		D13F4B2E20DFDFDA00A3F8D9 /* NotificationsViewModel.swift */ = {isa = PBXFileReference; lastKnownFileType = sourcecode.swift; path = NotificationsViewModel.swift; sourceTree = "<group>"; };
		D13F4B3020DFE13F00A3F8D9 /* NotificationsSection.swift */ = {isa = PBXFileReference; lastKnownFileType = sourcecode.swift; path = NotificationsSection.swift; sourceTree = "<group>"; };
		D1417B6D20D6D81C00A99DD8 /* NotificationManager.swift */ = {isa = PBXFileReference; lastKnownFileType = sourcecode.swift; path = NotificationManager.swift; sourceTree = "<group>"; };
		D14A6823212DF50600BB1A69 /* PhoneConnectivityManager.swift */ = {isa = PBXFileReference; lastKnownFileType = sourcecode.swift; path = PhoneConnectivityManager.swift; sourceTree = "<group>"; };
		D15AFF3920CF09370023E596 /* SettingsSection.swift */ = {isa = PBXFileReference; lastKnownFileType = sourcecode.swift; path = SettingsSection.swift; sourceTree = "<group>"; };
		D15E4F6F20BC8C8300B18643 /* AddPlaceViewController.swift */ = {isa = PBXFileReference; lastKnownFileType = sourcecode.swift; path = AddPlaceViewController.swift; sourceTree = "<group>"; };
		D15E4F7320BC8E5E00B18643 /* AddPlaceView.swift */ = {isa = PBXFileReference; lastKnownFileType = sourcecode.swift; path = AddPlaceView.swift; sourceTree = "<group>"; };
		D16C046620DF98B2007155ED /* ru */ = {isa = PBXFileReference; lastKnownFileType = text.plist.strings; name = ru; path = ru.lproj/LaunchScreen.strings; sourceTree = "<group>"; };
		D16C046720DF9CDA007155ED /* NotificationsViewController.swift */ = {isa = PBXFileReference; lastKnownFileType = sourcecode.swift; path = NotificationsViewController.swift; sourceTree = "<group>"; };
		D16C046920DF9E23007155ED /* NotificationSettingsTableViewCell.swift */ = {isa = PBXFileReference; lastKnownFileType = sourcecode.swift; path = NotificationSettingsTableViewCell.swift; sourceTree = "<group>"; };
		D16C046B20DFA032007155ED /* ContainerViewController.swift */ = {isa = PBXFileReference; lastKnownFileType = sourcecode.swift; path = ContainerViewController.swift; sourceTree = "<group>"; };
		D189540220FBD2850040411D /* CollapsedTicketView.xib */ = {isa = PBXFileReference; lastKnownFileType = file.xib; path = CollapsedTicketView.xib; sourceTree = "<group>"; };
		D189540420FBD2BC0040411D /* ExpandedTicketView.swift */ = {isa = PBXFileReference; lastKnownFileType = sourcecode.swift; path = ExpandedTicketView.swift; sourceTree = "<group>"; };
		D189540620FBD3BD0040411D /* CollapsedTicketView.swift */ = {isa = PBXFileReference; lastKnownFileType = sourcecode.swift; path = CollapsedTicketView.swift; sourceTree = "<group>"; };
		D189540820FBD61F0040411D /* TicketTransitionView.swift */ = {isa = PBXFileReference; lastKnownFileType = sourcecode.swift; path = TicketTransitionView.swift; sourceTree = "<group>"; };
		D1895EFD20BF0B730008EDB2 /* AddPlaceViewModel.swift */ = {isa = PBXFileReference; lastKnownFileType = sourcecode.swift; path = AddPlaceViewModel.swift; sourceTree = "<group>"; };
		D1B6C68420CBB8DE005774AA /* SettingsViewModel.swift */ = {isa = PBXFileReference; lastKnownFileType = sourcecode.swift; path = SettingsViewModel.swift; sourceTree = "<group>"; };
		D1BB8714211EC512005D8FB6 /* Railway Watch.app */ = {isa = PBXFileReference; explicitFileType = wrapper.application; includeInIndex = 0; path = "Railway Watch.app"; sourceTree = BUILT_PRODUCTS_DIR; };
		D1BB8717211EC512005D8FB6 /* Base */ = {isa = PBXFileReference; lastKnownFileType = file.storyboard; name = Base; path = Base.lproj/Interface.storyboard; sourceTree = "<group>"; };
		D1BB8719211EC514005D8FB6 /* Assets.xcassets */ = {isa = PBXFileReference; lastKnownFileType = folder.assetcatalog; path = Assets.xcassets; sourceTree = "<group>"; };
		D1BB871B211EC514005D8FB6 /* Info.plist */ = {isa = PBXFileReference; lastKnownFileType = text.plist.xml; path = Info.plist; sourceTree = "<group>"; };
		D1BB8720211EC514005D8FB6 /* Railway Watch Extension.appex */ = {isa = PBXFileReference; explicitFileType = "wrapper.app-extension"; includeInIndex = 0; path = "Railway Watch Extension.appex"; sourceTree = BUILT_PRODUCTS_DIR; };
		D1BB8725211EC514005D8FB6 /* InterfaceController.swift */ = {isa = PBXFileReference; lastKnownFileType = sourcecode.swift; path = InterfaceController.swift; sourceTree = "<group>"; };
		D1BB8727211EC514005D8FB6 /* ExtensionDelegate.swift */ = {isa = PBXFileReference; lastKnownFileType = sourcecode.swift; path = ExtensionDelegate.swift; sourceTree = "<group>"; };
		D1BB8729211EC514005D8FB6 /* Assets.xcassets */ = {isa = PBXFileReference; lastKnownFileType = folder.assetcatalog; path = Assets.xcassets; sourceTree = "<group>"; };
		D1BB872B211EC514005D8FB6 /* Info.plist */ = {isa = PBXFileReference; lastKnownFileType = text.plist.xml; path = Info.plist; sourceTree = "<group>"; };
		D1BB8737211F1FAF005D8FB6 /* WatchConnectivityManager.swift */ = {isa = PBXFileReference; lastKnownFileType = sourcecode.swift; path = WatchConnectivityManager.swift; sourceTree = "<group>"; };
		D1BB873C211F26AE005D8FB6 /* TicketExpandedRowController.swift */ = {isa = PBXFileReference; lastKnownFileType = sourcecode.swift; path = TicketExpandedRowController.swift; sourceTree = "<group>"; };
		D1C7C5432132CD76008E6288 /* en */ = {isa = PBXFileReference; lastKnownFileType = text.plist.strings; name = en; path = en.lproj/LaunchScreen.strings; sourceTree = "<group>"; };
		D1C7C5442132CD76008E6288 /* en */ = {isa = PBXFileReference; lastKnownFileType = text.plist.strings; name = en; path = en.lproj/MainInterface.strings; sourceTree = "<group>"; };
		D1C7C5462132CE30008E6288 /* Base */ = {isa = PBXFileReference; lastKnownFileType = file.xib; name = Base; path = Base.lproj/AddPlaceView.xib; sourceTree = "<group>"; };
		D1C7C5492132CE35008E6288 /* en */ = {isa = PBXFileReference; lastKnownFileType = text.plist.strings; name = en; path = en.lproj/AddPlaceView.strings; sourceTree = "<group>"; };
		D1C7C54B2132CEF9008E6288 /* Base */ = {isa = PBXFileReference; lastKnownFileType = file.xib; name = Base; path = Base.lproj/ExpandedTicketView.xib; sourceTree = "<group>"; };
		D1C7C54E2132CEFF008E6288 /* en */ = {isa = PBXFileReference; lastKnownFileType = text.plist.strings; name = en; path = en.lproj/ExpandedTicketView.strings; sourceTree = "<group>"; };
		D1C7C5522132D05D008E6288 /* en */ = {isa = PBXFileReference; lastKnownFileType = text.plist.strings; name = en; path = en.lproj/Localizable.strings; sourceTree = "<group>"; };
		D1C7C5542132DB76008E6288 /* ComplicationsController.swift */ = {isa = PBXFileReference; lastKnownFileType = sourcecode.swift; path = ComplicationsController.swift; sourceTree = "<group>"; };
		D1C7C5562132E082008E6288 /* TicketsStorage.swift */ = {isa = PBXFileReference; lastKnownFileType = sourcecode.swift; path = TicketsStorage.swift; sourceTree = "<group>"; };
		D1CE0C3B212B3CD6008D93C4 /* NavigationController.swift */ = {isa = PBXFileReference; lastKnownFileType = sourcecode.swift; path = NavigationController.swift; sourceTree = "<group>"; };
		D1D40F1E20EA7D1F002BE278 /* TicketOpenAnimator.swift */ = {isa = PBXFileReference; lastKnownFileType = sourcecode.swift; path = TicketOpenAnimator.swift; sourceTree = "<group>"; };
		D1DBE70E20741A06000587C8 /* Railway.app */ = {isa = PBXFileReference; explicitFileType = wrapper.application; includeInIndex = 0; path = Railway.app; sourceTree = BUILT_PRODUCTS_DIR; };
		D1DBE71120741A06000587C8 /* AppDelegate.swift */ = {isa = PBXFileReference; lastKnownFileType = sourcecode.swift; path = AppDelegate.swift; sourceTree = "<group>"; };
		D1DBE71620741A06000587C8 /* Base */ = {isa = PBXFileReference; lastKnownFileType = file.storyboard; name = Base; path = Base.lproj/Main.storyboard; sourceTree = "<group>"; };
		D1DBE71820741A07000587C8 /* Assets.xcassets */ = {isa = PBXFileReference; lastKnownFileType = folder.assetcatalog; path = Assets.xcassets; sourceTree = "<group>"; };
		D1DBE71B20741A07000587C8 /* Base */ = {isa = PBXFileReference; lastKnownFileType = file.storyboard; name = Base; path = Base.lproj/LaunchScreen.storyboard; sourceTree = "<group>"; };
		D1DBE71D20741A07000587C8 /* Info.plist */ = {isa = PBXFileReference; lastKnownFileType = text.plist.xml; path = Info.plist; sourceTree = "<group>"; };
		D1DBE72320741BB1000587C8 /* Ticket.swift */ = {isa = PBXFileReference; lastKnownFileType = sourcecode.swift; path = Ticket.swift; sourceTree = "<group>"; };
		D1DBE72520741C20000587C8 /* Station.swift */ = {isa = PBXFileReference; lastKnownFileType = sourcecode.swift; path = Station.swift; sourceTree = "<group>"; };
		D1DBE72720741C92000587C8 /* TicketListViewController.swift */ = {isa = PBXFileReference; lastKnownFileType = sourcecode.swift; path = TicketListViewController.swift; sourceTree = "<group>"; };
		D1DBE72B20741CF8000587C8 /* ViewController.swift */ = {isa = PBXFileReference; lastKnownFileType = sourcecode.swift; path = ViewController.swift; sourceTree = "<group>"; };
		D1DBE72D20741F1D000587C8 /* TicketListViewModel.swift */ = {isa = PBXFileReference; lastKnownFileType = sourcecode.swift; path = TicketListViewModel.swift; sourceTree = "<group>"; };
		D1DD9C6120C3BEA20050D56F /* SettingsViewController.swift */ = {isa = PBXFileReference; lastKnownFileType = sourcecode.swift; path = SettingsViewController.swift; sourceTree = "<group>"; };
		D1DD9C6320C3E9D70050D56F /* MessageProcessor.swift */ = {isa = PBXFileReference; lastKnownFileType = sourcecode.swift; path = MessageProcessor.swift; sourceTree = "<group>"; };
		D1DD9C6520C3EDF50050D56F /* Date.swift */ = {isa = PBXFileReference; lastKnownFileType = sourcecode.swift; path = Date.swift; sourceTree = "<group>"; };
		D1F4985020E8E07900796F93 /* NotificationSaveTableViewCell.swift */ = {isa = PBXFileReference; lastKnownFileType = sourcecode.swift; path = NotificationSaveTableViewCell.swift; sourceTree = "<group>"; };
		D1F4985220E8E89E00796F93 /* DisposableTableViewCell.swift */ = {isa = PBXFileReference; lastKnownFileType = sourcecode.swift; path = DisposableTableViewCell.swift; sourceTree = "<group>"; };
		D1F4985820E910C000796F93 /* NotificationSettingsCoreDataModel+CoreDataProperties.swift */ = {isa = PBXFileReference; lastKnownFileType = sourcecode.swift; name = "NotificationSettingsCoreDataModel+CoreDataProperties.swift"; path = "/Users/banner/Documents/Railway/Railway/Models/CoreData/NotificationSettingsCoreDataModel+CoreDataProperties.swift"; sourceTree = "<absolute>"; };
		D1F4985920E910C000796F93 /* NotificationSettingsCoreDataModel+CoreDataClass.swift */ = {isa = PBXFileReference; lastKnownFileType = sourcecode.swift; name = "NotificationSettingsCoreDataModel+CoreDataClass.swift"; path = "/Users/banner/Documents/Railway/Railway/Models/CoreData/NotificationSettingsCoreDataModel+CoreDataClass.swift"; sourceTree = "<absolute>"; };
		D1F6AB1920D0549500461579 /* UIColor.swift */ = {isa = PBXFileReference; lastKnownFileType = sourcecode.swift; path = UIColor.swift; sourceTree = "<group>"; };
		D1F6AB1B20D0554A00461579 /* HighlightableTableViewCell.swift */ = {isa = PBXFileReference; lastKnownFileType = sourcecode.swift; path = HighlightableTableViewCell.swift; sourceTree = "<group>"; };
		D1F6AB1D20D055D700461579 /* GmailTableViewCell.swift */ = {isa = PBXFileReference; lastKnownFileType = sourcecode.swift; path = GmailTableViewCell.swift; sourceTree = "<group>"; };
		D1F74124213AC78D00B4D082 /* en */ = {isa = PBXFileReference; lastKnownFileType = text.plist.strings; name = en; path = en.lproj/Interface.strings; sourceTree = "<group>"; };
		D1F74126213AC99700B4D082 /* en */ = {isa = PBXFileReference; lastKnownFileType = text.plist.strings; name = en; path = en.lproj/Localizable.strings; sourceTree = "<group>"; };
		D1F78BA420E15798003DA8AF /* NotificationAlert.swift */ = {isa = PBXFileReference; lastKnownFileType = sourcecode.swift; path = NotificationAlert.swift; sourceTree = "<group>"; };
		D1F78BA620E16599003DA8AF /* Int.swift */ = {isa = PBXFileReference; lastKnownFileType = sourcecode.swift; path = Int.swift; sourceTree = "<group>"; };
		D1F78BA820E16BAC003DA8AF /* NotificationAddAlertTableViewCell.swift */ = {isa = PBXFileReference; lastKnownFileType = sourcecode.swift; path = NotificationAddAlertTableViewCell.swift; sourceTree = "<group>"; };
		D1F78BAA20E171F1003DA8AF /* NotificationPickerTableViewCell.swift */ = {isa = PBXFileReference; lastKnownFileType = sourcecode.swift; path = NotificationPickerTableViewCell.swift; sourceTree = "<group>"; };
		F9705C045ADDE100088C494D /* Pods-RailwayWidget.release.xcconfig */ = {isa = PBXFileReference; includeInIndex = 1; lastKnownFileType = text.xcconfig; name = "Pods-RailwayWidget.release.xcconfig"; path = "Pods/Target Support Files/Pods-RailwayWidget/Pods-RailwayWidget.release.xcconfig"; sourceTree = "<group>"; };
		FDAD9297375B4E06BACB57E3 /* Pods_Railway.framework */ = {isa = PBXFileReference; explicitFileType = wrapper.framework; includeInIndex = 0; path = Pods_Railway.framework; sourceTree = BUILT_PRODUCTS_DIR; };
/* End PBXFileReference section */

/* Begin PBXFrameworksBuildPhase section */
		D12510FA210F8F2400393C31 /* Frameworks */ = {
			isa = PBXFrameworksBuildPhase;
			buildActionMask = 2147483647;
			files = (
				D12510FF210F8F2500393C31 /* NotificationCenter.framework in Frameworks */,
				AE959B160044909078CE5B67 /* Pods_RailwayWidget.framework in Frameworks */,
			);
			runOnlyForDeploymentPostprocessing = 0;
		};
		D1BB871D211EC514005D8FB6 /* Frameworks */ = {
			isa = PBXFrameworksBuildPhase;
			buildActionMask = 2147483647;
			files = (
			);
			runOnlyForDeploymentPostprocessing = 0;
		};
		D1DBE70B20741A06000587C8 /* Frameworks */ = {
			isa = PBXFrameworksBuildPhase;
			buildActionMask = 2147483647;
			files = (
				EC21ADD328B6DA7D6B600587 /* Pods_Railway.framework in Frameworks */,
			);
			runOnlyForDeploymentPostprocessing = 0;
		};
/* End PBXFrameworksBuildPhase section */

/* Begin PBXGroup section */
		D1251100210F8F2500393C31 /* RailwayWidget */ = {
			isa = PBXGroup;
			children = (
				D125110F210F911B00393C31 /* RailwayWidget.entitlements */,
				D1251101210F8F2500393C31 /* TodayViewController.swift */,
				D1251103210F8F2500393C31 /* MainInterface.storyboard */,
				D1251106210F8F2500393C31 /* Info.plist */,
			);
			path = RailwayWidget;
			sourceTree = "<group>";
		};
		D12BEBBB207934860044F6F1 /* Models */ = {
			isa = PBXGroup;
			children = (
				D12BEBE9207957E30044F6F1 /* CoreData */,
				D1DBE72320741BB1000587C8 /* Ticket.swift */,
				D1DBE72520741C20000587C8 /* Station.swift */,
				D12BEBBC207934ED0044F6F1 /* Place.swift */,
				D1F78BA420E15798003DA8AF /* NotificationAlert.swift */,
				D133E9732083A33F00D007F4 /* DatabaseManager.swift */,
				D133E97C2083CC9B00D007F4 /* DateFormatters.swift */,
				D1DD9C6320C3E9D70050D56F /* MessageProcessor.swift */,
				D12BC03020CB174D0005CBD1 /* MailSyncronizer.swift */,
				D1417B6D20D6D81C00A99DD8 /* NotificationManager.swift */,
				D12BC03220CB1A400005CBD1 /* Typealiases.swift */,
				D15AFF3920CF09370023E596 /* SettingsSection.swift */,
				D13F4B3020DFE13F00A3F8D9 /* NotificationsSection.swift */,
				D1BB8737211F1FAF005D8FB6 /* WatchConnectivityManager.swift */,
			);
			path = Models;
			sourceTree = "<group>";
		};
		D12BEBBE207936890044F6F1 /* ViewModels */ = {
			isa = PBXGroup;
			children = (
				D1DBE72D20741F1D000587C8 /* TicketListViewModel.swift */,
				D12BEBBF207936A10044F6F1 /* TicketViewModel.swift */,
				D133E9792083CC1900D007F4 /* TicketDetailsViewModel.swift */,
				D133E9852083D90100D007F4 /* PlaceViewModel.swift */,
				D1280D8220BC7AB100A386ED /* AddTicketViewModel.swift */,
				D1895EFD20BF0B730008EDB2 /* AddPlaceViewModel.swift */,
				D1B6C68420CBB8DE005774AA /* SettingsViewModel.swift */,
				D13F4B2E20DFDFDA00A3F8D9 /* NotificationsViewModel.swift */,
			);
			path = ViewModels;
			sourceTree = "<group>";
		};
		D12BEBC12079389E0044F6F1 /* ViewControllers */ = {
			isa = PBXGroup;
			children = (
				D1DBE72B20741CF8000587C8 /* ViewController.swift */,
				D1CE0C3B212B3CD6008D93C4 /* NavigationController.swift */,
				D16C046B20DFA032007155ED /* ContainerViewController.swift */,
				D1DBE72720741C92000587C8 /* TicketListViewController.swift */,
				D133E9752083C31400D007F4 /* TicketDetailsViewController.swift */,
				D1280D8020BC771300A386ED /* AddTicketViewController.swift */,
				D15E4F6F20BC8C8300B18643 /* AddPlaceViewController.swift */,
				D1DD9C6120C3BEA20050D56F /* SettingsViewController.swift */,
				D16C046720DF9CDA007155ED /* NotificationsViewController.swift */,
			);
			path = ViewControllers;
			sourceTree = "<group>";
		};
		D12BEBC2207938E50044F6F1 /* Views */ = {
			isa = PBXGroup;
			children = (
				D1F6AB1B20D0554A00461579 /* HighlightableTableViewCell.swift */,
				D1F4985220E8E89E00796F93 /* DisposableTableViewCell.swift */,
				D12BEBC3207939070044F6F1 /* TicketCollapsedTableViewCell.swift */,
				D1F6AB1D20D055D700461579 /* GmailTableViewCell.swift */,
				D16C046920DF9E23007155ED /* NotificationSettingsTableViewCell.swift */,
				D13F4B2A20DFDF0600A3F8D9 /* NotificationsToggleTableViewCell.swift */,
				D13F4B2C20DFDF9700A3F8D9 /* NotificationRecordTableViewCell.swift */,
				D1F78BA820E16BAC003DA8AF /* NotificationAddAlertTableViewCell.swift */,
				D1F78BAA20E171F1003DA8AF /* NotificationPickerTableViewCell.swift */,
				D1F4985020E8E07900796F93 /* NotificationSaveTableViewCell.swift */,
				D133E97E2083D3A400D007F4 /* PlaceView.xib */,
				D133E9802083D5CF00D007F4 /* PlaceView.swift */,
				D1C7C5472132CE30008E6288 /* AddPlaceView.xib */,
				D15E4F7320BC8E5E00B18643 /* AddPlaceView.swift */,
				D1C7C54C2132CEF9008E6288 /* ExpandedTicketView.xib */,
				D189540420FBD2BC0040411D /* ExpandedTicketView.swift */,
				D189540220FBD2850040411D /* CollapsedTicketView.xib */,
				D189540620FBD3BD0040411D /* CollapsedTicketView.swift */,
				D189540820FBD61F0040411D /* TicketTransitionView.swift */,
			);
			path = Views;
			sourceTree = "<group>";
		};
		D12BEBE9207957E30044F6F1 /* CoreData */ = {
			isa = PBXGroup;
			children = (
				D1F4985920E910C000796F93 /* NotificationSettingsCoreDataModel+CoreDataClass.swift */,
				D1F4985820E910C000796F93 /* NotificationSettingsCoreDataModel+CoreDataProperties.swift */,
				D133E9672083A1BF00D007F4 /* StationCoreDataModel+CoreDataClass.swift */,
				D133E9682083A1BF00D007F4 /* StationCoreDataModel+CoreDataProperties.swift */,
				D133E9692083A1BF00D007F4 /* TicketCoreDataModel+CoreDataClass.swift */,
				D133E96A2083A1BF00D007F4 /* TicketCoreDataModel+CoreDataProperties.swift */,
				D133E96B2083A1BF00D007F4 /* PlaceCoreDataModel+CoreDataClass.swift */,
				D133E96C2083A1BF00D007F4 /* PlaceCoreDataModel+CoreDataProperties.swift */,
			);
			path = CoreData;
			sourceTree = "<group>";
		};
		D133E9822083D62E00D007F4 /* Extensions */ = {
			isa = PBXGroup;
			children = (
				D133E9832083D63D00D007F4 /* UIView.swift */,
				D1DD9C6520C3EDF50050D56F /* Date.swift */,
				D1F6AB1920D0549500461579 /* UIColor.swift */,
				D1F78BA620E16599003DA8AF /* Int.swift */,
			);
			path = Extensions;
			sourceTree = "<group>";
		};
		D1BB8715211EC512005D8FB6 /* Railway Watch */ = {
			isa = PBXGroup;
			children = (
				D1BB8716211EC512005D8FB6 /* Interface.storyboard */,
				D1BB8719211EC514005D8FB6 /* Assets.xcassets */,
				D1BB871B211EC514005D8FB6 /* Info.plist */,
			);
			path = "Railway Watch";
			sourceTree = "<group>";
		};
		D1BB8724211EC514005D8FB6 /* Railway Watch Extension */ = {
			isa = PBXGroup;
			children = (
				D1BB8725211EC514005D8FB6 /* InterfaceController.swift */,
				D1C7C5562132E082008E6288 /* TicketsStorage.swift */,
				D1BB873C211F26AE005D8FB6 /* TicketExpandedRowController.swift */,
				D1BB8727211EC514005D8FB6 /* ExtensionDelegate.swift */,
				D14A6823212DF50600BB1A69 /* PhoneConnectivityManager.swift */,
				D1C7C5542132DB76008E6288 /* ComplicationsController.swift */,
				D1F74127213AC99700B4D082 /* Localizable.strings */,
				D1BB8729211EC514005D8FB6 /* Assets.xcassets */,
				D1BB872B211EC514005D8FB6 /* Info.plist */,
			);
			path = "Railway Watch Extension";
			sourceTree = "<group>";
		};
		D1D40F1D20EA7CFE002BE278 /* Animators */ = {
			isa = PBXGroup;
			children = (
				D1D40F1E20EA7D1F002BE278 /* TicketOpenAnimator.swift */,
			);
			path = Animators;
			sourceTree = "<group>";
		};
		D1DBE70520741A06000587C8 = {
			isa = PBXGroup;
			children = (
				D1DBE71020741A06000587C8 /* Railway */,
				D1251100210F8F2500393C31 /* RailwayWidget */,
				D1BB8715211EC512005D8FB6 /* Railway Watch */,
				D1BB8724211EC514005D8FB6 /* Railway Watch Extension */,
				D1DBE70F20741A06000587C8 /* Products */,
				E0396B275D6BBF7FE0DB7C48 /* Pods */,
				E110037B107136DD757F6919 /* Frameworks */,
			);
			sourceTree = "<group>";
		};
		D1DBE70F20741A06000587C8 /* Products */ = {
			isa = PBXGroup;
			children = (
				D1DBE70E20741A06000587C8 /* Railway.app */,
				D12510FD210F8F2400393C31 /* RailwayWidget.appex */,
				D1BB8714211EC512005D8FB6 /* Railway Watch.app */,
				D1BB8720211EC514005D8FB6 /* Railway Watch Extension.appex */,
			);
			name = Products;
			sourceTree = "<group>";
		};
		D1DBE71020741A06000587C8 /* Railway */ = {
			isa = PBXGroup;
			children = (
				D125110E210F90FF00393C31 /* Railway.entitlements */,
				D1DBE71120741A06000587C8 /* AppDelegate.swift */,
				D12BEBE6207956850044F6F1 /* Railway.xcdatamodeld */,
				D133E9822083D62E00D007F4 /* Extensions */,
				D12BEBBB207934860044F6F1 /* Models */,
				D12BEBBE207936890044F6F1 /* ViewModels */,
				D12BEBC2207938E50044F6F1 /* Views */,
				D1D40F1D20EA7CFE002BE278 /* Animators */,
				D12BEBC12079389E0044F6F1 /* ViewControllers */,
				D1DBE71520741A06000587C8 /* Main.storyboard */,
				D1DBE71820741A07000587C8 /* Assets.xcassets */,
				D1DBE71A20741A07000587C8 /* LaunchScreen.storyboard */,
				D1DBE71D20741A07000587C8 /* Info.plist */,
				D1C7C5532132D05D008E6288 /* Localizable.strings */,
			);
			path = Railway;
			sourceTree = "<group>";
		};
		E0396B275D6BBF7FE0DB7C48 /* Pods */ = {
			isa = PBXGroup;
			children = (
				59EC450D753214532F229326 /* Pods-Railway.debug.xcconfig */,
				484DC03D9F1BB7A19C5B5258 /* Pods-Railway.release.xcconfig */,
				0AB2B7B43044D239C734C6C5 /* Pods-RailwayWidget.debug.xcconfig */,
				F9705C045ADDE100088C494D /* Pods-RailwayWidget.release.xcconfig */,
			);
			name = Pods;
			sourceTree = "<group>";
		};
		E110037B107136DD757F6919 /* Frameworks */ = {
			isa = PBXGroup;
			children = (
				FDAD9297375B4E06BACB57E3 /* Pods_Railway.framework */,
				D12510FE210F8F2500393C31 /* NotificationCenter.framework */,
				08767504D871EFE1B23FDACE /* Pods_RailwayWidget.framework */,
			);
			name = Frameworks;
			sourceTree = "<group>";
		};
/* End PBXGroup section */

/* Begin PBXNativeTarget section */
		D12510FC210F8F2400393C31 /* RailwayWidget */ = {
			isa = PBXNativeTarget;
			buildConfigurationList = D125110C210F8F2500393C31 /* Build configuration list for PBXNativeTarget "RailwayWidget" */;
			buildPhases = (
				F627EA98C91A4AD276D81177 /* [CP] Check Pods Manifest.lock */,
				D12510F9210F8F2400393C31 /* Sources */,
				D12510FA210F8F2400393C31 /* Frameworks */,
				D12510FB210F8F2400393C31 /* Resources */,
			);
			buildRules = (
			);
			dependencies = (
			);
			name = RailwayWidget;
			productName = RailwayWidget;
			productReference = D12510FD210F8F2400393C31 /* RailwayWidget.appex */;
			productType = "com.apple.product-type.app-extension";
		};
		D1BB8713211EC512005D8FB6 /* Railway Watch */ = {
			isa = PBXNativeTarget;
			buildConfigurationList = D1BB8735211EC514005D8FB6 /* Build configuration list for PBXNativeTarget "Railway Watch" */;
			buildPhases = (
				D1BB8712211EC512005D8FB6 /* Resources */,
				D1BB8734211EC514005D8FB6 /* Embed App Extensions */,
			);
			buildRules = (
			);
			dependencies = (
				D1BB8723211EC514005D8FB6 /* PBXTargetDependency */,
			);
			name = "Railway Watch";
			productName = "Railway Watch";
			productReference = D1BB8714211EC512005D8FB6 /* Railway Watch.app */;
			productType = "com.apple.product-type.application.watchapp2";
		};
		D1BB871F211EC514005D8FB6 /* Railway Watch Extension */ = {
			isa = PBXNativeTarget;
			buildConfigurationList = D1BB8733211EC514005D8FB6 /* Build configuration list for PBXNativeTarget "Railway Watch Extension" */;
			buildPhases = (
				D1BB871C211EC514005D8FB6 /* Sources */,
				D1BB871D211EC514005D8FB6 /* Frameworks */,
				D1BB871E211EC514005D8FB6 /* Resources */,
			);
			buildRules = (
			);
			dependencies = (
			);
			name = "Railway Watch Extension";
			productName = "Railway Watch Extension";
			productReference = D1BB8720211EC514005D8FB6 /* Railway Watch Extension.appex */;
			productType = "com.apple.product-type.watchkit2-extension";
		};
		D1DBE70D20741A06000587C8 /* Railway */ = {
			isa = PBXNativeTarget;
			buildConfigurationList = D1DBE72020741A07000587C8 /* Build configuration list for PBXNativeTarget "Railway" */;
			buildPhases = (
				D109DF0A2135D8BF003989EC /* ShellScript */,
				4E086722840C194ECD999425 /* [CP] Check Pods Manifest.lock */,
				D1DBE70A20741A06000587C8 /* Sources */,
				D1DBE70B20741A06000587C8 /* Frameworks */,
				D1DBE70C20741A06000587C8 /* Resources */,
				35EC9A7E4F070911FE4DDA85 /* [CP] Embed Pods Frameworks */,
				E56219E6EA03A31FAD9D30EE /* [CP] Copy Pods Resources */,
				D191AF1320D4F24200F71E67 /* ShellScript */,
				D125110D210F8F2500393C31 /* Embed App Extensions */,
				D1BB8736211EC514005D8FB6 /* Embed Watch Content */,
			);
			buildRules = (
			);
			dependencies = (
				D1251108210F8F2500393C31 /* PBXTargetDependency */,
				D1BB872D211EC514005D8FB6 /* PBXTargetDependency */,
			);
			name = Railway;
			productName = Railway;
			productReference = D1DBE70E20741A06000587C8 /* Railway.app */;
			productType = "com.apple.product-type.application";
		};
/* End PBXNativeTarget section */

/* Begin PBXProject section */
		D1DBE70620741A06000587C8 /* Project object */ = {
			isa = PBXProject;
			attributes = {
				DefaultBuildSystemTypeForWorkspace = Original;
				LastSwiftUpdateCheck = 1000;
				LastUpgradeCheck = 0930;
				ORGANIZATIONNAME = "Евгений Соболь";
				TargetAttributes = {
					D12510FC210F8F2400393C31 = {
						CreatedOnToolsVersion = 10.0;
						ProvisioningStyle = Manual;
						SystemCapabilities = {
							com.apple.ApplicationGroups.iOS = {
								enabled = 1;
							};
						};
					};
					D1BB8713211EC512005D8FB6 = {
						CreatedOnToolsVersion = 10.0;
						ProvisioningStyle = Manual;
					};
					D1BB871F211EC514005D8FB6 = {
						CreatedOnToolsVersion = 10.0;
						ProvisioningStyle = Manual;
					};
					D1DBE70D20741A06000587C8 = {
						CreatedOnToolsVersion = 9.3;
						ProvisioningStyle = Manual;
						SystemCapabilities = {
							com.apple.ApplicationGroups.iOS = {
								enabled = 1;
							};
						};
					};
				};
			};
			buildConfigurationList = D1DBE70920741A06000587C8 /* Build configuration list for PBXProject "Railway" */;
			compatibilityVersion = "Xcode 8.0";
			developmentRegion = ru;
			hasScannedForEncodings = 0;
			knownRegions = (
				Base,
				en,
			);
			mainGroup = D1DBE70520741A06000587C8;
			productRefGroup = D1DBE70F20741A06000587C8 /* Products */;
			projectDirPath = "";
			projectRoot = "";
			targets = (
				D1DBE70D20741A06000587C8 /* Railway */,
				D12510FC210F8F2400393C31 /* RailwayWidget */,
				D1BB8713211EC512005D8FB6 /* Railway Watch */,
				D1BB871F211EC514005D8FB6 /* Railway Watch Extension */,
			);
		};
/* End PBXProject section */

/* Begin PBXResourcesBuildPhase section */
		D12510FB210F8F2400393C31 /* Resources */ = {
			isa = PBXResourcesBuildPhase;
			buildActionMask = 2147483647;
			files = (
				D1D676DA211386A400AB0179 /* PlaceView.xib in Resources */,
				D1CE0C3D212B44A6008D93C4 /* Assets.xcassets in Resources */,
				D1251105210F8F2500393C31 /* MainInterface.storyboard in Resources */,
			);
			runOnlyForDeploymentPostprocessing = 0;
		};
		D1BB8712211EC512005D8FB6 /* Resources */ = {
			isa = PBXResourcesBuildPhase;
			buildActionMask = 2147483647;
			files = (
				D1BB871A211EC514005D8FB6 /* Assets.xcassets in Resources */,
				D1BB8718211EC512005D8FB6 /* Interface.storyboard in Resources */,
			);
			runOnlyForDeploymentPostprocessing = 0;
		};
		D1BB871E211EC514005D8FB6 /* Resources */ = {
			isa = PBXResourcesBuildPhase;
			buildActionMask = 2147483647;
			files = (
				D1BB872A211EC514005D8FB6 /* Assets.xcassets in Resources */,
				D1F74125213AC99700B4D082 /* Localizable.strings in Resources */,
			);
			runOnlyForDeploymentPostprocessing = 0;
		};
		D1DBE70C20741A06000587C8 /* Resources */ = {
			isa = PBXResourcesBuildPhase;
			buildActionMask = 2147483647;
			files = (
				D1C7C54A2132CEF9008E6288 /* ExpandedTicketView.xib in Resources */,
				D1DBE71C20741A07000587C8 /* LaunchScreen.storyboard in Resources */,
				D1C7C5452132CE30008E6288 /* AddPlaceView.xib in Resources */,
				D1DBE71920741A07000587C8 /* Assets.xcassets in Resources */,
				D189540320FBD2850040411D /* CollapsedTicketView.xib in Resources */,
				D1C7C5512132D05D008E6288 /* Localizable.strings in Resources */,
				D133E97F2083D3A400D007F4 /* PlaceView.xib in Resources */,
				D1DBE71720741A06000587C8 /* Main.storyboard in Resources */,
			);
			runOnlyForDeploymentPostprocessing = 0;
		};
/* End PBXResourcesBuildPhase section */

/* Begin PBXShellScriptBuildPhase section */
		35EC9A7E4F070911FE4DDA85 /* [CP] Embed Pods Frameworks */ = {
			isa = PBXShellScriptBuildPhase;
			buildActionMask = 2147483647;
			files = (
			);
			inputPaths = (
				"${SRCROOT}/Pods/Target Support Files/Pods-Railway/Pods-Railway-frameworks.sh",
				"${BUILT_PRODUCTS_DIR}/Differentiator/Differentiator.framework",
				"${BUILT_PRODUCTS_DIR}/GTMOAuth2/GTMOAuth2.framework",
				"${BUILT_PRODUCTS_DIR}/GTMSessionFetcher/GTMSessionFetcher.framework",
				"${BUILT_PRODUCTS_DIR}/GoogleAPIClientForREST/GoogleAPIClientForREST.framework",
				"${BUILT_PRODUCTS_DIR}/GoogleToolboxForMac/GoogleToolboxForMac.framework",
				"${PODS_ROOT}/Reveal-SDK/RevealServer-15/iOS/RevealServer.framework",
				"${BUILT_PRODUCTS_DIR}/RxCocoa/RxCocoa.framework",
				"${BUILT_PRODUCTS_DIR}/RxDataSources/RxDataSources.framework",
				"${BUILT_PRODUCTS_DIR}/RxSwift/RxSwift.framework",
			);
			name = "[CP] Embed Pods Frameworks";
			outputPaths = (
				"${TARGET_BUILD_DIR}/${FRAMEWORKS_FOLDER_PATH}/Differentiator.framework",
				"${TARGET_BUILD_DIR}/${FRAMEWORKS_FOLDER_PATH}/GTMOAuth2.framework",
				"${TARGET_BUILD_DIR}/${FRAMEWORKS_FOLDER_PATH}/GTMSessionFetcher.framework",
				"${TARGET_BUILD_DIR}/${FRAMEWORKS_FOLDER_PATH}/GoogleAPIClientForREST.framework",
				"${TARGET_BUILD_DIR}/${FRAMEWORKS_FOLDER_PATH}/GoogleToolboxForMac.framework",
				"${TARGET_BUILD_DIR}/${FRAMEWORKS_FOLDER_PATH}/RevealServer.framework",
				"${TARGET_BUILD_DIR}/${FRAMEWORKS_FOLDER_PATH}/RxCocoa.framework",
				"${TARGET_BUILD_DIR}/${FRAMEWORKS_FOLDER_PATH}/RxDataSources.framework",
				"${TARGET_BUILD_DIR}/${FRAMEWORKS_FOLDER_PATH}/RxSwift.framework",
			);
			runOnlyForDeploymentPostprocessing = 0;
			shellPath = /bin/sh;
			shellScript = "\"${SRCROOT}/Pods/Target Support Files/Pods-Railway/Pods-Railway-frameworks.sh\"\n";
			showEnvVarsInLog = 0;
		};
		4E086722840C194ECD999425 /* [CP] Check Pods Manifest.lock */ = {
			isa = PBXShellScriptBuildPhase;
			buildActionMask = 2147483647;
			files = (
			);
			inputPaths = (
				"${PODS_PODFILE_DIR_PATH}/Podfile.lock",
				"${PODS_ROOT}/Manifest.lock",
			);
			name = "[CP] Check Pods Manifest.lock";
			outputPaths = (
				"$(DERIVED_FILE_DIR)/Pods-Railway-checkManifestLockResult.txt",
			);
			runOnlyForDeploymentPostprocessing = 0;
			shellPath = /bin/sh;
			shellScript = "diff \"${PODS_PODFILE_DIR_PATH}/Podfile.lock\" \"${PODS_ROOT}/Manifest.lock\" > /dev/null\nif [ $? != 0 ] ; then\n    # print error to STDERR\n    echo \"error: The sandbox is not in sync with the Podfile.lock. Run 'pod install' or update your CocoaPods installation.\" >&2\n    exit 1\nfi\n# This output is used by Xcode 'outputs' to avoid re-running this script phase.\necho \"SUCCESS\" > \"${SCRIPT_OUTPUT_FILE_0}\"\n";
			showEnvVarsInLog = 0;
		};
		D109DF0A2135D8BF003989EC /* ShellScript */ = {
			isa = PBXShellScriptBuildPhase;
			buildActionMask = 2147483647;
			files = (
			);
			inputFileListPaths = (
			);
			inputPaths = (
			);
			outputFileListPaths = (
			);
			outputPaths = (
			);
			runOnlyForDeploymentPostprocessing = 0;
			shellPath = /bin/sh;
			shellScript = "if [ \"${CONFIGURATION}\" = \"Release\" ]; then\n    agvtool next-version -all\nfi\n";
		};
		D191AF1320D4F24200F71E67 /* ShellScript */ = {
			isa = PBXShellScriptBuildPhase;
			buildActionMask = 2147483647;
			files = (
			);
			inputPaths = (
			);
			outputPaths = (
			);
			runOnlyForDeploymentPostprocessing = 0;
			shellPath = /bin/sh;
			shellScript = "\"${PODS_ROOT}/Fabric/run\" b77d33fb659e7a29dc3523531a005322d40201f6 376039fb696d8d071944efc7dddf477158d041146d40cd9c625b7eb3070e418f\n";
		};
		E56219E6EA03A31FAD9D30EE /* [CP] Copy Pods Resources */ = {
			isa = PBXShellScriptBuildPhase;
			buildActionMask = 2147483647;
			files = (
			);
			inputPaths = (
				"${SRCROOT}/Pods/Target Support Files/Pods-Railway/Pods-Railway-resources.sh",
				"${PODS_ROOT}/GoogleSignIn/Resources/GoogleSignIn.bundle",
			);
			name = "[CP] Copy Pods Resources";
			outputPaths = (
				"${TARGET_BUILD_DIR}/${UNLOCALIZED_RESOURCES_FOLDER_PATH}/GoogleSignIn.bundle",
			);
			runOnlyForDeploymentPostprocessing = 0;
			shellPath = /bin/sh;
			shellScript = "\"${SRCROOT}/Pods/Target Support Files/Pods-Railway/Pods-Railway-resources.sh\"\n";
			showEnvVarsInLog = 0;
		};
		F627EA98C91A4AD276D81177 /* [CP] Check Pods Manifest.lock */ = {
			isa = PBXShellScriptBuildPhase;
			buildActionMask = 2147483647;
			files = (
			);
			inputPaths = (
				"${PODS_PODFILE_DIR_PATH}/Podfile.lock",
				"${PODS_ROOT}/Manifest.lock",
			);
			name = "[CP] Check Pods Manifest.lock";
			outputPaths = (
				"$(DERIVED_FILE_DIR)/Pods-RailwayWidget-checkManifestLockResult.txt",
			);
			runOnlyForDeploymentPostprocessing = 0;
			shellPath = /bin/sh;
			shellScript = "diff \"${PODS_PODFILE_DIR_PATH}/Podfile.lock\" \"${PODS_ROOT}/Manifest.lock\" > /dev/null\nif [ $? != 0 ] ; then\n    # print error to STDERR\n    echo \"error: The sandbox is not in sync with the Podfile.lock. Run 'pod install' or update your CocoaPods installation.\" >&2\n    exit 1\nfi\n# This output is used by Xcode 'outputs' to avoid re-running this script phase.\necho \"SUCCESS\" > \"${SCRIPT_OUTPUT_FILE_0}\"\n";
			showEnvVarsInLog = 0;
		};
/* End PBXShellScriptBuildPhase section */

/* Begin PBXSourcesBuildPhase section */
		D12510F9210F8F2400393C31 /* Sources */ = {
			isa = PBXSourcesBuildPhase;
			buildActionMask = 2147483647;
			files = (
				D1251119210F974500393C31 /* Ticket.swift in Sources */,
				D125111D210F975100393C31 /* Date.swift in Sources */,
				D125111B210F974500393C31 /* Place.swift in Sources */,
				D125111F210F992800393C31 /* Railway.xcdatamodeld in Sources */,
				D1251117210F973F00393C31 /* PlaceCoreDataModel+CoreDataClass.swift in Sources */,
				D125111E210F976000393C31 /* DateFormatters.swift in Sources */,
				D1251112210F973F00393C31 /* NotificationSettingsCoreDataModel+CoreDataProperties.swift in Sources */,
				D1251118210F973F00393C31 /* PlaceCoreDataModel+CoreDataProperties.swift in Sources */,
				D1251114210F973F00393C31 /* StationCoreDataModel+CoreDataProperties.swift in Sources */,
				D1251116210F973F00393C31 /* TicketCoreDataModel+CoreDataProperties.swift in Sources */,
				D1251115210F973F00393C31 /* TicketCoreDataModel+CoreDataClass.swift in Sources */,
				D1251110210F960400393C31 /* DatabaseManager.swift in Sources */,
				D1D676DB211386A400AB0179 /* PlaceView.swift in Sources */,
				D1D676DC211387E300AB0179 /* UIView.swift in Sources */,
				D1251111210F973F00393C31 /* NotificationSettingsCoreDataModel+CoreDataClass.swift in Sources */,
				D1251113210F973F00393C31 /* StationCoreDataModel+CoreDataClass.swift in Sources */,
				D125111A210F974500393C31 /* Station.swift in Sources */,
				D1251102210F8F2500393C31 /* TodayViewController.swift in Sources */,
				D125111C210F974500393C31 /* NotificationAlert.swift in Sources */,
			);
			runOnlyForDeploymentPostprocessing = 0;
		};
		D1BB871C211EC514005D8FB6 /* Sources */ = {
			isa = PBXSourcesBuildPhase;
			buildActionMask = 2147483647;
			files = (
				D1BB8728211EC514005D8FB6 /* ExtensionDelegate.swift in Sources */,
				D1BB8739211F241C005D8FB6 /* Ticket.swift in Sources */,
				D1BB873A211F2420005D8FB6 /* Station.swift in Sources */,
				D1BB8726211EC514005D8FB6 /* InterfaceController.swift in Sources */,
				D1BB873B211F2420005D8FB6 /* Place.swift in Sources */,
				D14A6824212DF50600BB1A69 /* PhoneConnectivityManager.swift in Sources */,
				D1BB873D211F26AE005D8FB6 /* TicketExpandedRowController.swift in Sources */,
				D1BB873E211F27AD005D8FB6 /* DateFormatters.swift in Sources */,
				D1C7C5552132DB76008E6288 /* ComplicationsController.swift in Sources */,
				D1C7C5572132E082008E6288 /* TicketsStorage.swift in Sources */,
			);
			runOnlyForDeploymentPostprocessing = 0;
		};
		D1DBE70A20741A06000587C8 /* Sources */ = {
			isa = PBXSourcesBuildPhase;
			buildActionMask = 2147483647;
			files = (
				D12BEBC0207936A10044F6F1 /* TicketViewModel.swift in Sources */,
				D133E96E2083A1BF00D007F4 /* StationCoreDataModel+CoreDataProperties.swift in Sources */,
				D133E9842083D63D00D007F4 /* UIView.swift in Sources */,
				D12BEBC4207939070044F6F1 /* TicketCollapsedTableViewCell.swift in Sources */,
				D133E9862083D90100D007F4 /* PlaceViewModel.swift in Sources */,
				D13F4B2F20DFDFDA00A3F8D9 /* NotificationsViewModel.swift in Sources */,
				D1BB8738211F1FAF005D8FB6 /* WatchConnectivityManager.swift in Sources */,
				D1DBE72E20741F1D000587C8 /* TicketListViewModel.swift in Sources */,
				D1417B6E20D6D81C00A99DD8 /* NotificationManager.swift in Sources */,
				D1F4985A20E910C000796F93 /* NotificationSettingsCoreDataModel+CoreDataProperties.swift in Sources */,
				D133E9742083A33F00D007F4 /* DatabaseManager.swift in Sources */,
				D12BEBE8207956860044F6F1 /* Railway.xcdatamodeld in Sources */,
				D1895EFE20BF0B730008EDB2 /* AddPlaceViewModel.swift in Sources */,
				D1F4985120E8E07900796F93 /* NotificationSaveTableViewCell.swift in Sources */,
				D15E4F7420BC8E5E00B18643 /* AddPlaceView.swift in Sources */,
				D1F78BAB20E171F1003DA8AF /* NotificationPickerTableViewCell.swift in Sources */,
				D13F4B3120DFE13F00A3F8D9 /* NotificationsSection.swift in Sources */,
				D1F4985B20E910C000796F93 /* NotificationSettingsCoreDataModel+CoreDataClass.swift in Sources */,
				D133E97A2083CC1900D007F4 /* TicketDetailsViewModel.swift in Sources */,
				D1F78BA920E16BAC003DA8AF /* NotificationAddAlertTableViewCell.swift in Sources */,
				D1D40F1F20EA7D1F002BE278 /* TicketOpenAnimator.swift in Sources */,
				D133E96F2083A1BF00D007F4 /* TicketCoreDataModel+CoreDataClass.swift in Sources */,
				D1F78BA720E16599003DA8AF /* Int.swift in Sources */,
				D13F4B2D20DFDF9700A3F8D9 /* NotificationRecordTableViewCell.swift in Sources */,
				D1280D8320BC7AB100A386ED /* AddTicketViewModel.swift in Sources */,
				D1F6AB1A20D0549500461579 /* UIColor.swift in Sources */,
				D16C046820DF9CDA007155ED /* NotificationsViewController.swift in Sources */,
				D16C046C20DFA032007155ED /* ContainerViewController.swift in Sources */,
				D189540520FBD2BC0040411D /* ExpandedTicketView.swift in Sources */,
				D1F78BA520E15798003DA8AF /* NotificationAlert.swift in Sources */,
				D1DBE72C20741CF8000587C8 /* ViewController.swift in Sources */,
				D133E9812083D5CF00D007F4 /* PlaceView.swift in Sources */,
				D1DBE72820741C92000587C8 /* TicketListViewController.swift in Sources */,
				D15E4F7020BC8C8300B18643 /* AddPlaceViewController.swift in Sources */,
				D1DBE71220741A06000587C8 /* AppDelegate.swift in Sources */,
				D16C046A20DF9E23007155ED /* NotificationSettingsTableViewCell.swift in Sources */,
				D1DD9C6420C3E9D70050D56F /* MessageProcessor.swift in Sources */,
				D1CE0C3C212B3CD6008D93C4 /* NavigationController.swift in Sources */,
				D133E96D2083A1BF00D007F4 /* StationCoreDataModel+CoreDataClass.swift in Sources */,
				D133E9722083A1BF00D007F4 /* PlaceCoreDataModel+CoreDataProperties.swift in Sources */,
				D133E9702083A1BF00D007F4 /* TicketCoreDataModel+CoreDataProperties.swift in Sources */,
				D1DBE72620741C20000587C8 /* Station.swift in Sources */,
				D1F6AB1C20D0554A00461579 /* HighlightableTableViewCell.swift in Sources */,
				D133E9712083A1BF00D007F4 /* PlaceCoreDataModel+CoreDataClass.swift in Sources */,
				D1DD9C6220C3BEA20050D56F /* SettingsViewController.swift in Sources */,
				D1B6C68520CBB8DE005774AA /* SettingsViewModel.swift in Sources */,
				D1F6AB1E20D055D700461579 /* GmailTableViewCell.swift in Sources */,
				D12BC03120CB174D0005CBD1 /* MailSyncronizer.swift in Sources */,
				D133E97D2083CC9B00D007F4 /* DateFormatters.swift in Sources */,
				D15AFF3A20CF09370023E596 /* SettingsSection.swift in Sources */,
				D189540920FBD61F0040411D /* TicketTransitionView.swift in Sources */,
				D189540720FBD3BD0040411D /* CollapsedTicketView.swift in Sources */,
				D1280D8120BC771300A386ED /* AddTicketViewController.swift in Sources */,
				D1F4985320E8E89E00796F93 /* DisposableTableViewCell.swift in Sources */,
				D13F4B2B20DFDF0600A3F8D9 /* NotificationsToggleTableViewCell.swift in Sources */,
				D1DD9C6620C3EDF50050D56F /* Date.swift in Sources */,
				D12BC03320CB1A400005CBD1 /* Typealiases.swift in Sources */,
				D133E9762083C31400D007F4 /* TicketDetailsViewController.swift in Sources */,
				D12BEBBD207934ED0044F6F1 /* Place.swift in Sources */,
				D1DBE72420741BB1000587C8 /* Ticket.swift in Sources */,
			);
			runOnlyForDeploymentPostprocessing = 0;
		};
/* End PBXSourcesBuildPhase section */

/* Begin PBXTargetDependency section */
		D1251108210F8F2500393C31 /* PBXTargetDependency */ = {
			isa = PBXTargetDependency;
			target = D12510FC210F8F2400393C31 /* RailwayWidget */;
			targetProxy = D1251107210F8F2500393C31 /* PBXContainerItemProxy */;
		};
		D1BB8723211EC514005D8FB6 /* PBXTargetDependency */ = {
			isa = PBXTargetDependency;
			target = D1BB871F211EC514005D8FB6 /* Railway Watch Extension */;
			targetProxy = D1BB8722211EC514005D8FB6 /* PBXContainerItemProxy */;
		};
		D1BB872D211EC514005D8FB6 /* PBXTargetDependency */ = {
			isa = PBXTargetDependency;
			target = D1BB8713211EC512005D8FB6 /* Railway Watch */;
			targetProxy = D1BB872C211EC514005D8FB6 /* PBXContainerItemProxy */;
		};
/* End PBXTargetDependency section */

/* Begin PBXVariantGroup section */
		D1251103210F8F2500393C31 /* MainInterface.storyboard */ = {
			isa = PBXVariantGroup;
			children = (
				D1251104210F8F2500393C31 /* Base */,
				D1C7C5442132CD76008E6288 /* en */,
			);
			name = MainInterface.storyboard;
			sourceTree = "<group>";
		};
		D1BB8716211EC512005D8FB6 /* Interface.storyboard */ = {
			isa = PBXVariantGroup;
			children = (
				D1BB8717211EC512005D8FB6 /* Base */,
				D1F74124213AC78D00B4D082 /* en */,
			);
			name = Interface.storyboard;
			sourceTree = "<group>";
		};
		D1C7C5472132CE30008E6288 /* AddPlaceView.xib */ = {
			isa = PBXVariantGroup;
			children = (
				D1C7C5462132CE30008E6288 /* Base */,
				D1C7C5492132CE35008E6288 /* en */,
			);
			name = AddPlaceView.xib;
			sourceTree = "<group>";
		};
		D1C7C54C2132CEF9008E6288 /* ExpandedTicketView.xib */ = {
			isa = PBXVariantGroup;
			children = (
				D1C7C54B2132CEF9008E6288 /* Base */,
				D1C7C54E2132CEFF008E6288 /* en */,
			);
			name = ExpandedTicketView.xib;
			sourceTree = "<group>";
		};
		D1C7C5532132D05D008E6288 /* Localizable.strings */ = {
			isa = PBXVariantGroup;
			children = (
				D1C7C5522132D05D008E6288 /* en */,
			);
			name = Localizable.strings;
			sourceTree = "<group>";
		};
		D1DBE71520741A06000587C8 /* Main.storyboard */ = {
			isa = PBXVariantGroup;
			children = (
				D1DBE71620741A06000587C8 /* Base */,
				D109DF092135D3A2003989EC /* en */,
			);
			name = Main.storyboard;
			sourceTree = "<group>";
		};
		D1DBE71A20741A07000587C8 /* LaunchScreen.storyboard */ = {
			isa = PBXVariantGroup;
			children = (
				D1DBE71B20741A07000587C8 /* Base */,
				D16C046620DF98B2007155ED /* ru */,
				D1C7C5432132CD76008E6288 /* en */,
			);
			name = LaunchScreen.storyboard;
			sourceTree = "<group>";
		};
		D1F74127213AC99700B4D082 /* Localizable.strings */ = {
			isa = PBXVariantGroup;
			children = (
				D1F74126213AC99700B4D082 /* en */,
			);
			name = Localizable.strings;
			sourceTree = "<group>";
		};
/* End PBXVariantGroup section */

/* Begin XCBuildConfiguration section */
		D125110A210F8F2500393C31 /* Debug */ = {
			isa = XCBuildConfiguration;
			baseConfigurationReference = 0AB2B7B43044D239C734C6C5 /* Pods-RailwayWidget.debug.xcconfig */;
			buildSettings = {
				CODE_SIGN_ENTITLEMENTS = RailwayWidget/RailwayWidget.entitlements;
				CODE_SIGN_STYLE = Manual;
				DEVELOPMENT_TEAM = 59BWRK25DR;
				INFOPLIST_FILE = RailwayWidget/Info.plist;
				IPHONEOS_DEPLOYMENT_TARGET = 11.3;
				LD_RUNPATH_SEARCH_PATHS = "$(inherited) @executable_path/Frameworks @executable_path/../../Frameworks";
				MTL_ENABLE_DEBUG_INFO = INCLUDE_SOURCE;
				MTL_FAST_MATH = YES;
				PRODUCT_BUNDLE_IDENTIFIER = esobol.Railway.RailwayWidget;
				PRODUCT_NAME = "$(TARGET_NAME)";
				PROVISIONING_PROFILE_SPECIFIER = "Railway widget dev";
				SKIP_INSTALL = YES;
				SWIFT_VERSION = 4.0;
				TARGETED_DEVICE_FAMILY = "1,2";
			};
			name = Debug;
		};
		D125110B210F8F2500393C31 /* Release */ = {
			isa = XCBuildConfiguration;
			baseConfigurationReference = F9705C045ADDE100088C494D /* Pods-RailwayWidget.release.xcconfig */;
			buildSettings = {
				CODE_SIGN_ENTITLEMENTS = RailwayWidget/RailwayWidget.entitlements;
				CODE_SIGN_STYLE = Manual;
				DEVELOPMENT_TEAM = 59BWRK25DR;
				INFOPLIST_FILE = RailwayWidget/Info.plist;
				IPHONEOS_DEPLOYMENT_TARGET = 11.3;
				LD_RUNPATH_SEARCH_PATHS = "$(inherited) @executable_path/Frameworks @executable_path/../../Frameworks";
				MTL_FAST_MATH = YES;
				PRODUCT_BUNDLE_IDENTIFIER = esobol.Railway.RailwayWidget;
				PRODUCT_NAME = "$(TARGET_NAME)";
				PROVISIONING_PROFILE_SPECIFIER = "Railway widget dev";
				SKIP_INSTALL = YES;
				SWIFT_VERSION = 4.0;
				TARGETED_DEVICE_FAMILY = "1,2";
			};
			name = Release;
		};
		D1BB872F211EC514005D8FB6 /* Debug */ = {
			isa = XCBuildConfiguration;
			buildSettings = {
				ALWAYS_EMBED_SWIFT_STANDARD_LIBRARIES = YES;
				ASSETCATALOG_COMPILER_APPICON_NAME = AppIcon;
				CODE_SIGN_STYLE = Manual;
				DEVELOPMENT_TEAM = 59BWRK25DR;
				IBSC_MODULE = Railway_Watch_Extension;
				INFOPLIST_FILE = "Railway Watch/Info.plist";
				MTL_ENABLE_DEBUG_INFO = INCLUDE_SOURCE;
				MTL_FAST_MATH = YES;
				PRODUCT_BUNDLE_IDENTIFIER = esobol.Railway.watchkitapp;
				PRODUCT_NAME = "$(TARGET_NAME)";
				PROVISIONING_PROFILE_SPECIFIER = "Railway watch dev";
				SDKROOT = watchos;
				SKIP_INSTALL = YES;
				SWIFT_VERSION = 4.2;
				TARGETED_DEVICE_FAMILY = 4;
				WATCHOS_DEPLOYMENT_TARGET = 4.3;
			};
			name = Debug;
		};
		D1BB8730211EC514005D8FB6 /* Release */ = {
			isa = XCBuildConfiguration;
			buildSettings = {
				ALWAYS_EMBED_SWIFT_STANDARD_LIBRARIES = YES;
				ASSETCATALOG_COMPILER_APPICON_NAME = AppIcon;
				CODE_SIGN_STYLE = Manual;
				DEVELOPMENT_TEAM = 59BWRK25DR;
				IBSC_MODULE = Railway_Watch_Extension;
				INFOPLIST_FILE = "Railway Watch/Info.plist";
				MTL_FAST_MATH = YES;
				PRODUCT_BUNDLE_IDENTIFIER = esobol.Railway.watchkitapp;
				PRODUCT_NAME = "$(TARGET_NAME)";
				PROVISIONING_PROFILE_SPECIFIER = "Railway watch dev";
				SDKROOT = watchos;
				SKIP_INSTALL = YES;
				SWIFT_VERSION = 4.2;
				TARGETED_DEVICE_FAMILY = 4;
				WATCHOS_DEPLOYMENT_TARGET = 4.3;
			};
			name = Release;
		};
		D1BB8731211EC514005D8FB6 /* Debug */ = {
			isa = XCBuildConfiguration;
			buildSettings = {
				ASSETCATALOG_COMPILER_COMPLICATION_NAME = Complication;
				CODE_SIGN_STYLE = Manual;
				DEVELOPMENT_TEAM = 59BWRK25DR;
				INFOPLIST_FILE = "Railway Watch Extension/Info.plist";
				LD_RUNPATH_SEARCH_PATHS = "$(inherited) @executable_path/Frameworks @executable_path/../../Frameworks";
				MTL_ENABLE_DEBUG_INFO = INCLUDE_SOURCE;
				MTL_FAST_MATH = YES;
				PRODUCT_BUNDLE_IDENTIFIER = esobol.Railway.watchkitapp.watchkitextension;
				PRODUCT_NAME = "${TARGET_NAME}";
				PROVISIONING_PROFILE_SPECIFIER = "Railway watch extension dev";
				SDKROOT = watchos;
				SKIP_INSTALL = YES;
				SWIFT_VERSION = 4.2;
				TARGETED_DEVICE_FAMILY = 4;
				WATCHOS_DEPLOYMENT_TARGET = 4.3;
			};
			name = Debug;
		};
		D1BB8732211EC514005D8FB6 /* Release */ = {
			isa = XCBuildConfiguration;
			buildSettings = {
				ASSETCATALOG_COMPILER_COMPLICATION_NAME = Complication;
				CODE_SIGN_STYLE = Manual;
				DEVELOPMENT_TEAM = 59BWRK25DR;
				INFOPLIST_FILE = "Railway Watch Extension/Info.plist";
				LD_RUNPATH_SEARCH_PATHS = "$(inherited) @executable_path/Frameworks @executable_path/../../Frameworks";
				MTL_FAST_MATH = YES;
				PRODUCT_BUNDLE_IDENTIFIER = esobol.Railway.watchkitapp.watchkitextension;
				PRODUCT_NAME = "${TARGET_NAME}";
				PROVISIONING_PROFILE_SPECIFIER = "Railway watch extension dev";
				SDKROOT = watchos;
				SKIP_INSTALL = YES;
				SWIFT_VERSION = 4.2;
				TARGETED_DEVICE_FAMILY = 4;
				WATCHOS_DEPLOYMENT_TARGET = 4.3;
			};
			name = Release;
		};
		D1DBE71E20741A07000587C8 /* Debug */ = {
			isa = XCBuildConfiguration;
			buildSettings = {
				ALWAYS_SEARCH_USER_PATHS = NO;
				CLANG_ANALYZER_LOCALIZABILITY_NONLOCALIZED = YES;
				CLANG_ANALYZER_NONNULL = YES;
				CLANG_ANALYZER_NUMBER_OBJECT_CONVERSION = YES_AGGRESSIVE;
				CLANG_CXX_LANGUAGE_STANDARD = "gnu++14";
				CLANG_CXX_LIBRARY = "libc++";
				CLANG_ENABLE_MODULES = YES;
				CLANG_ENABLE_OBJC_ARC = YES;
				CLANG_ENABLE_OBJC_WEAK = YES;
				CLANG_WARN_BLOCK_CAPTURE_AUTORELEASING = YES;
				CLANG_WARN_BOOL_CONVERSION = YES;
				CLANG_WARN_COMMA = YES;
				CLANG_WARN_CONSTANT_CONVERSION = YES;
				CLANG_WARN_DEPRECATED_OBJC_IMPLEMENTATIONS = YES;
				CLANG_WARN_DIRECT_OBJC_ISA_USAGE = YES_ERROR;
				CLANG_WARN_DOCUMENTATION_COMMENTS = YES;
				CLANG_WARN_EMPTY_BODY = YES;
				CLANG_WARN_ENUM_CONVERSION = YES;
				CLANG_WARN_INFINITE_RECURSION = YES;
				CLANG_WARN_INT_CONVERSION = YES;
				CLANG_WARN_NON_LITERAL_NULL_CONVERSION = YES;
				CLANG_WARN_OBJC_IMPLICIT_RETAIN_SELF = YES;
				CLANG_WARN_OBJC_LITERAL_CONVERSION = YES;
				CLANG_WARN_OBJC_ROOT_CLASS = YES_ERROR;
				CLANG_WARN_RANGE_LOOP_ANALYSIS = YES;
				CLANG_WARN_STRICT_PROTOTYPES = YES;
				CLANG_WARN_SUSPICIOUS_MOVE = YES;
				CLANG_WARN_UNGUARDED_AVAILABILITY = YES_AGGRESSIVE;
				CLANG_WARN_UNREACHABLE_CODE = YES;
				CLANG_WARN__DUPLICATE_METHOD_MATCH = YES;
				CODE_SIGN_IDENTITY = "iPhone Developer";
				COPY_PHASE_STRIP = NO;
				CURRENT_PROJECT_VERSION = 14;
				DEBUG_INFORMATION_FORMAT = dwarf;
				ENABLE_STRICT_OBJC_MSGSEND = YES;
				ENABLE_TESTABILITY = YES;
				GCC_C_LANGUAGE_STANDARD = gnu11;
				GCC_DYNAMIC_NO_PIC = NO;
				GCC_NO_COMMON_BLOCKS = YES;
				GCC_OPTIMIZATION_LEVEL = 0;
				GCC_PREPROCESSOR_DEFINITIONS = (
					"DEBUG=1",
					"$(inherited)",
				);
				GCC_WARN_64_TO_32_BIT_CONVERSION = YES;
				GCC_WARN_ABOUT_RETURN_TYPE = YES_ERROR;
				GCC_WARN_UNDECLARED_SELECTOR = YES;
				GCC_WARN_UNINITIALIZED_AUTOS = YES_AGGRESSIVE;
				GCC_WARN_UNUSED_FUNCTION = YES;
				GCC_WARN_UNUSED_VARIABLE = YES;
				IPHONEOS_DEPLOYMENT_TARGET = 11.3;
				MTL_ENABLE_DEBUG_INFO = YES;
				ONLY_ACTIVE_ARCH = YES;
				SDKROOT = iphoneos;
				SWIFT_ACTIVE_COMPILATION_CONDITIONS = DEBUG;
				SWIFT_OPTIMIZATION_LEVEL = "-Onone";
				VERSIONING_SYSTEM = "apple-generic";
			};
			name = Debug;
		};
		D1DBE71F20741A07000587C8 /* Release */ = {
			isa = XCBuildConfiguration;
			buildSettings = {
				ALWAYS_SEARCH_USER_PATHS = NO;
				CLANG_ANALYZER_LOCALIZABILITY_NONLOCALIZED = YES;
				CLANG_ANALYZER_NONNULL = YES;
				CLANG_ANALYZER_NUMBER_OBJECT_CONVERSION = YES_AGGRESSIVE;
				CLANG_CXX_LANGUAGE_STANDARD = "gnu++14";
				CLANG_CXX_LIBRARY = "libc++";
				CLANG_ENABLE_MODULES = YES;
				CLANG_ENABLE_OBJC_ARC = YES;
				CLANG_ENABLE_OBJC_WEAK = YES;
				CLANG_WARN_BLOCK_CAPTURE_AUTORELEASING = YES;
				CLANG_WARN_BOOL_CONVERSION = YES;
				CLANG_WARN_COMMA = YES;
				CLANG_WARN_CONSTANT_CONVERSION = YES;
				CLANG_WARN_DEPRECATED_OBJC_IMPLEMENTATIONS = YES;
				CLANG_WARN_DIRECT_OBJC_ISA_USAGE = YES_ERROR;
				CLANG_WARN_DOCUMENTATION_COMMENTS = YES;
				CLANG_WARN_EMPTY_BODY = YES;
				CLANG_WARN_ENUM_CONVERSION = YES;
				CLANG_WARN_INFINITE_RECURSION = YES;
				CLANG_WARN_INT_CONVERSION = YES;
				CLANG_WARN_NON_LITERAL_NULL_CONVERSION = YES;
				CLANG_WARN_OBJC_IMPLICIT_RETAIN_SELF = YES;
				CLANG_WARN_OBJC_LITERAL_CONVERSION = YES;
				CLANG_WARN_OBJC_ROOT_CLASS = YES_ERROR;
				CLANG_WARN_RANGE_LOOP_ANALYSIS = YES;
				CLANG_WARN_STRICT_PROTOTYPES = YES;
				CLANG_WARN_SUSPICIOUS_MOVE = YES;
				CLANG_WARN_UNGUARDED_AVAILABILITY = YES_AGGRESSIVE;
				CLANG_WARN_UNREACHABLE_CODE = YES;
				CLANG_WARN__DUPLICATE_METHOD_MATCH = YES;
				CODE_SIGN_IDENTITY = "iPhone Developer";
				COPY_PHASE_STRIP = NO;
				CURRENT_PROJECT_VERSION = 14;
				DEBUG_INFORMATION_FORMAT = "dwarf-with-dsym";
				ENABLE_NS_ASSERTIONS = NO;
				ENABLE_STRICT_OBJC_MSGSEND = YES;
				GCC_C_LANGUAGE_STANDARD = gnu11;
				GCC_NO_COMMON_BLOCKS = YES;
				GCC_WARN_64_TO_32_BIT_CONVERSION = YES;
				GCC_WARN_ABOUT_RETURN_TYPE = YES_ERROR;
				GCC_WARN_UNDECLARED_SELECTOR = YES;
				GCC_WARN_UNINITIALIZED_AUTOS = YES_AGGRESSIVE;
				GCC_WARN_UNUSED_FUNCTION = YES;
				GCC_WARN_UNUSED_VARIABLE = YES;
				IPHONEOS_DEPLOYMENT_TARGET = 11.3;
				MTL_ENABLE_DEBUG_INFO = NO;
				SDKROOT = iphoneos;
				SWIFT_OPTIMIZATION_LEVEL = "-Owholemodule";
				VALIDATE_PRODUCT = YES;
				VERSIONING_SYSTEM = "apple-generic";
			};
			name = Release;
		};
		D1DBE72120741A07000587C8 /* Debug */ = {
			isa = XCBuildConfiguration;
			baseConfigurationReference = 59EC450D753214532F229326 /* Pods-Railway.debug.xcconfig */;
			buildSettings = {
				ALWAYS_EMBED_SWIFT_STANDARD_LIBRARIES = YES;
				ASSETCATALOG_COMPILER_APPICON_NAME = AppIcon;
				CODE_SIGN_ENTITLEMENTS = Railway/Railway.entitlements;
				CODE_SIGN_STYLE = Manual;
				DEVELOPMENT_TEAM = 59BWRK25DR;
				INFOPLIST_FILE = Railway/Info.plist;
				LD_RUNPATH_SEARCH_PATHS = "$(inherited) @executable_path/Frameworks";
				PRODUCT_BUNDLE_IDENTIFIER = esobol.Railway;
				PRODUCT_NAME = "$(TARGET_NAME)";
				PROVISIONING_PROFILE = "4a7f57cf-e7a6-44b0-88f0-2aa0a8458b18";
				PROVISIONING_PROFILE_SPECIFIER = "Railway dev";
				SWIFT_VERSION = 4.0;
				TARGETED_DEVICE_FAMILY = 1;
			};
			name = Debug;
		};
		D1DBE72220741A07000587C8 /* Release */ = {
			isa = XCBuildConfiguration;
			baseConfigurationReference = 484DC03D9F1BB7A19C5B5258 /* Pods-Railway.release.xcconfig */;
			buildSettings = {
				ALWAYS_EMBED_SWIFT_STANDARD_LIBRARIES = YES;
				ASSETCATALOG_COMPILER_APPICON_NAME = AppIcon;
				CODE_SIGN_ENTITLEMENTS = Railway/Railway.entitlements;
				CODE_SIGN_STYLE = Manual;
				DEVELOPMENT_TEAM = 59BWRK25DR;
				INFOPLIST_FILE = Railway/Info.plist;
				LD_RUNPATH_SEARCH_PATHS = "$(inherited) @executable_path/Frameworks";
				PRODUCT_BUNDLE_IDENTIFIER = esobol.Railway;
				PRODUCT_NAME = "$(TARGET_NAME)";
				PROVISIONING_PROFILE = "4a7f57cf-e7a6-44b0-88f0-2aa0a8458b18";
				PROVISIONING_PROFILE_SPECIFIER = "Railway dev";
				SWIFT_VERSION = 4.0;
				TARGETED_DEVICE_FAMILY = 1;
			};
			name = Release;
		};
/* End XCBuildConfiguration section */

/* Begin XCConfigurationList section */
		D125110C210F8F2500393C31 /* Build configuration list for PBXNativeTarget "RailwayWidget" */ = {
			isa = XCConfigurationList;
			buildConfigurations = (
				D125110A210F8F2500393C31 /* Debug */,
				D125110B210F8F2500393C31 /* Release */,
			);
			defaultConfigurationIsVisible = 0;
			defaultConfigurationName = Release;
		};
		D1BB8733211EC514005D8FB6 /* Build configuration list for PBXNativeTarget "Railway Watch Extension" */ = {
			isa = XCConfigurationList;
			buildConfigurations = (
				D1BB8731211EC514005D8FB6 /* Debug */,
				D1BB8732211EC514005D8FB6 /* Release */,
			);
			defaultConfigurationIsVisible = 0;
			defaultConfigurationName = Release;
		};
		D1BB8735211EC514005D8FB6 /* Build configuration list for PBXNativeTarget "Railway Watch" */ = {
			isa = XCConfigurationList;
			buildConfigurations = (
				D1BB872F211EC514005D8FB6 /* Debug */,
				D1BB8730211EC514005D8FB6 /* Release */,
			);
			defaultConfigurationIsVisible = 0;
			defaultConfigurationName = Release;
		};
		D1DBE70920741A06000587C8 /* Build configuration list for PBXProject "Railway" */ = {
			isa = XCConfigurationList;
			buildConfigurations = (
				D1DBE71E20741A07000587C8 /* Debug */,
				D1DBE71F20741A07000587C8 /* Release */,
			);
			defaultConfigurationIsVisible = 0;
			defaultConfigurationName = Release;
		};
		D1DBE72020741A07000587C8 /* Build configuration list for PBXNativeTarget "Railway" */ = {
			isa = XCConfigurationList;
			buildConfigurations = (
				D1DBE72120741A07000587C8 /* Debug */,
				D1DBE72220741A07000587C8 /* Release */,
			);
			defaultConfigurationIsVisible = 0;
			defaultConfigurationName = Release;
		};
/* End XCConfigurationList section */

/* Begin XCVersionGroup section */
		D12BEBE6207956850044F6F1 /* Railway.xcdatamodeld */ = {
			isa = XCVersionGroup;
			children = (
				D12BEBE7207956850044F6F1 /* Railway.xcdatamodel */,
			);
			currentVersion = D12BEBE7207956850044F6F1 /* Railway.xcdatamodel */;
			path = Railway.xcdatamodeld;
			sourceTree = "<group>";
			versionGroupType = wrapper.xcdatamodel;
		};
/* End XCVersionGroup section */
	};
	rootObject = D1DBE70620741A06000587C8 /* Project object */;
}
