// !$*UTF8*$!
{
	archiveVersion = 1;
	classes = {
	};
	objectVersion = 48;
	objects = {

/* Begin PBXBuildFile section */
		D1280D8120BC771300A386ED /* AddTicketViewController.swift in Sources */ = {isa = PBXBuildFile; fileRef = D1280D8020BC771300A386ED /* AddTicketViewController.swift */; };
		D1280D8320BC7AB100A386ED /* AddTicketViewModel.swift in Sources */ = {isa = PBXBuildFile; fileRef = D1280D8220BC7AB100A386ED /* AddTicketViewModel.swift */; };
		D12BC03120CB174D0005CBD1 /* MailSyncronizer.swift in Sources */ = {isa = PBXBuildFile; fileRef = D12BC03020CB174D0005CBD1 /* MailSyncronizer.swift */; };
		D12BC03320CB1A400005CBD1 /* Typealiases.swift in Sources */ = {isa = PBXBuildFile; fileRef = D12BC03220CB1A400005CBD1 /* Typealiases.swift */; };
		D12BEBBD207934ED0044F6F1 /* Place.swift in Sources */ = {isa = PBXBuildFile; fileRef = D12BEBBC207934ED0044F6F1 /* Place.swift */; };
		D12BEBC0207936A10044F6F1 /* TicketViewModel.swift in Sources */ = {isa = PBXBuildFile; fileRef = D12BEBBF207936A10044F6F1 /* TicketViewModel.swift */; };
		D12BEBC4207939070044F6F1 /* TicketCollapsedTableViewCell.swift in Sources */ = {isa = PBXBuildFile; fileRef = D12BEBC3207939070044F6F1 /* TicketCollapsedTableViewCell.swift */; };
		D12BEBE8207956860044F6F1 /* Railway.xcdatamodeld in Sources */ = {isa = PBXBuildFile; fileRef = D12BEBE6207956850044F6F1 /* Railway.xcdatamodeld */; };
		D133E96D2083A1BF00D007F4 /* StationCoreDataModel+CoreDataClass.swift in Sources */ = {isa = PBXBuildFile; fileRef = D133E9672083A1BF00D007F4 /* StationCoreDataModel+CoreDataClass.swift */; };
		D133E96E2083A1BF00D007F4 /* StationCoreDataModel+CoreDataProperties.swift in Sources */ = {isa = PBXBuildFile; fileRef = D133E9682083A1BF00D007F4 /* StationCoreDataModel+CoreDataProperties.swift */; };
		D133E96F2083A1BF00D007F4 /* TicketCoreDataModel+CoreDataClass.swift in Sources */ = {isa = PBXBuildFile; fileRef = D133E9692083A1BF00D007F4 /* TicketCoreDataModel+CoreDataClass.swift */; };
		D133E9702083A1BF00D007F4 /* TicketCoreDataModel+CoreDataProperties.swift in Sources */ = {isa = PBXBuildFile; fileRef = D133E96A2083A1BF00D007F4 /* TicketCoreDataModel+CoreDataProperties.swift */; };
		D133E9712083A1BF00D007F4 /* PlaceCoreDataModel+CoreDataClass.swift in Sources */ = {isa = PBXBuildFile; fileRef = D133E96B2083A1BF00D007F4 /* PlaceCoreDataModel+CoreDataClass.swift */; };
		D133E9722083A1BF00D007F4 /* PlaceCoreDataModel+CoreDataProperties.swift in Sources */ = {isa = PBXBuildFile; fileRef = D133E96C2083A1BF00D007F4 /* PlaceCoreDataModel+CoreDataProperties.swift */; };
		D133E9742083A33F00D007F4 /* DatabaseManager.swift in Sources */ = {isa = PBXBuildFile; fileRef = D133E9732083A33F00D007F4 /* DatabaseManager.swift */; };
		D133E9762083C31400D007F4 /* TicketDetailsViewController.swift in Sources */ = {isa = PBXBuildFile; fileRef = D133E9752083C31400D007F4 /* TicketDetailsViewController.swift */; };
		D133E97A2083CC1900D007F4 /* TicketDetailsViewModel.swift in Sources */ = {isa = PBXBuildFile; fileRef = D133E9792083CC1900D007F4 /* TicketDetailsViewModel.swift */; };
		D133E97D2083CC9B00D007F4 /* DateFormatters.swift in Sources */ = {isa = PBXBuildFile; fileRef = D133E97C2083CC9B00D007F4 /* DateFormatters.swift */; };
		D133E97F2083D3A400D007F4 /* PlaceView.xib in Resources */ = {isa = PBXBuildFile; fileRef = D133E97E2083D3A400D007F4 /* PlaceView.xib */; };
		D133E9812083D5CF00D007F4 /* PlaceView.swift in Sources */ = {isa = PBXBuildFile; fileRef = D133E9802083D5CF00D007F4 /* PlaceView.swift */; };
		D133E9842083D63D00D007F4 /* UIView.swift in Sources */ = {isa = PBXBuildFile; fileRef = D133E9832083D63D00D007F4 /* UIView.swift */; };
		D133E9862083D90100D007F4 /* PlaceViewModel.swift in Sources */ = {isa = PBXBuildFile; fileRef = D133E9852083D90100D007F4 /* PlaceViewModel.swift */; };
		D13F4B2B20DFDF0600A3F8D9 /* NotificationsToggleTableViewCell.swift in Sources */ = {isa = PBXBuildFile; fileRef = D13F4B2A20DFDF0600A3F8D9 /* NotificationsToggleTableViewCell.swift */; };
		D13F4B2D20DFDF9700A3F8D9 /* NotificationRecordTableViewCell.swift in Sources */ = {isa = PBXBuildFile; fileRef = D13F4B2C20DFDF9700A3F8D9 /* NotificationRecordTableViewCell.swift */; };
		D13F4B2F20DFDFDA00A3F8D9 /* NotificationsViewModel.swift in Sources */ = {isa = PBXBuildFile; fileRef = D13F4B2E20DFDFDA00A3F8D9 /* NotificationsViewModel.swift */; };
		D13F4B3120DFE13F00A3F8D9 /* NotificationsSection.swift in Sources */ = {isa = PBXBuildFile; fileRef = D13F4B3020DFE13F00A3F8D9 /* NotificationsSection.swift */; };
		D1417B6E20D6D81C00A99DD8 /* NotificationManager.swift in Sources */ = {isa = PBXBuildFile; fileRef = D1417B6D20D6D81C00A99DD8 /* NotificationManager.swift */; };
		D15AFF3A20CF09370023E596 /* SettingsSection.swift in Sources */ = {isa = PBXBuildFile; fileRef = D15AFF3920CF09370023E596 /* SettingsSection.swift */; };
		D15E4F7020BC8C8300B18643 /* AddPlaceViewController.swift in Sources */ = {isa = PBXBuildFile; fileRef = D15E4F6F20BC8C8300B18643 /* AddPlaceViewController.swift */; };
		D15E4F7220BC8E1200B18643 /* AddPlaceView.xib in Resources */ = {isa = PBXBuildFile; fileRef = D15E4F7120BC8E1200B18643 /* AddPlaceView.xib */; };
		D15E4F7420BC8E5E00B18643 /* AddPlaceView.swift in Sources */ = {isa = PBXBuildFile; fileRef = D15E4F7320BC8E5E00B18643 /* AddPlaceView.swift */; };
		D16C046820DF9CDA007155ED /* NotificationsViewController.swift in Sources */ = {isa = PBXBuildFile; fileRef = D16C046720DF9CDA007155ED /* NotificationsViewController.swift */; };
		D16C046A20DF9E23007155ED /* NotificationSettingsTableViewCell.swift in Sources */ = {isa = PBXBuildFile; fileRef = D16C046920DF9E23007155ED /* NotificationSettingsTableViewCell.swift */; };
		D16C046C20DFA032007155ED /* ContainerViewController.swift in Sources */ = {isa = PBXBuildFile; fileRef = D16C046B20DFA032007155ED /* ContainerViewController.swift */; };
		D189540120FBD0E60040411D /* ExpandedTicketView.xib in Resources */ = {isa = PBXBuildFile; fileRef = D189540020FBD0E60040411D /* ExpandedTicketView.xib */; };
		D189540320FBD2850040411D /* CollapsedTicketView.xib in Resources */ = {isa = PBXBuildFile; fileRef = D189540220FBD2850040411D /* CollapsedTicketView.xib */; };
		D189540520FBD2BC0040411D /* ExpandedTicketView.swift in Sources */ = {isa = PBXBuildFile; fileRef = D189540420FBD2BC0040411D /* ExpandedTicketView.swift */; };
		D189540720FBD3BD0040411D /* CollapsedTicketView.swift in Sources */ = {isa = PBXBuildFile; fileRef = D189540620FBD3BD0040411D /* CollapsedTicketView.swift */; };
		D189540920FBD61F0040411D /* TicketTransitionView.swift in Sources */ = {isa = PBXBuildFile; fileRef = D189540820FBD61F0040411D /* TicketTransitionView.swift */; };
		D1895EFE20BF0B730008EDB2 /* AddPlaceViewModel.swift in Sources */ = {isa = PBXBuildFile; fileRef = D1895EFD20BF0B730008EDB2 /* AddPlaceViewModel.swift */; };
		D1B6C68520CBB8DE005774AA /* SettingsViewModel.swift in Sources */ = {isa = PBXBuildFile; fileRef = D1B6C68420CBB8DE005774AA /* SettingsViewModel.swift */; };
		D1D40F1F20EA7D1F002BE278 /* TicketOpenAnimator.swift in Sources */ = {isa = PBXBuildFile; fileRef = D1D40F1E20EA7D1F002BE278 /* TicketOpenAnimator.swift */; };
		D1DBE71220741A06000587C8 /* AppDelegate.swift in Sources */ = {isa = PBXBuildFile; fileRef = D1DBE71120741A06000587C8 /* AppDelegate.swift */; };
		D1DBE71720741A06000587C8 /* Main.storyboard in Resources */ = {isa = PBXBuildFile; fileRef = D1DBE71520741A06000587C8 /* Main.storyboard */; };
		D1DBE71920741A07000587C8 /* Assets.xcassets in Resources */ = {isa = PBXBuildFile; fileRef = D1DBE71820741A07000587C8 /* Assets.xcassets */; };
		D1DBE71C20741A07000587C8 /* LaunchScreen.storyboard in Resources */ = {isa = PBXBuildFile; fileRef = D1DBE71A20741A07000587C8 /* LaunchScreen.storyboard */; };
		D1DBE72420741BB1000587C8 /* Ticket.swift in Sources */ = {isa = PBXBuildFile; fileRef = D1DBE72320741BB1000587C8 /* Ticket.swift */; };
		D1DBE72620741C20000587C8 /* Station.swift in Sources */ = {isa = PBXBuildFile; fileRef = D1DBE72520741C20000587C8 /* Station.swift */; };
		D1DBE72820741C92000587C8 /* TicketListViewController.swift in Sources */ = {isa = PBXBuildFile; fileRef = D1DBE72720741C92000587C8 /* TicketListViewController.swift */; };
		D1DBE72C20741CF8000587C8 /* ViewController.swift in Sources */ = {isa = PBXBuildFile; fileRef = D1DBE72B20741CF8000587C8 /* ViewController.swift */; };
		D1DBE72E20741F1D000587C8 /* TicketListViewModel.swift in Sources */ = {isa = PBXBuildFile; fileRef = D1DBE72D20741F1D000587C8 /* TicketListViewModel.swift */; };
		D1DD9C6220C3BEA20050D56F /* SettingsViewController.swift in Sources */ = {isa = PBXBuildFile; fileRef = D1DD9C6120C3BEA20050D56F /* SettingsViewController.swift */; };
		D1DD9C6420C3E9D70050D56F /* MessageProcessor.swift in Sources */ = {isa = PBXBuildFile; fileRef = D1DD9C6320C3E9D70050D56F /* MessageProcessor.swift */; };
		D1DD9C6620C3EDF50050D56F /* Date.swift in Sources */ = {isa = PBXBuildFile; fileRef = D1DD9C6520C3EDF50050D56F /* Date.swift */; };
		D1F4985120E8E07900796F93 /* NotificationSaveTableViewCell.swift in Sources */ = {isa = PBXBuildFile; fileRef = D1F4985020E8E07900796F93 /* NotificationSaveTableViewCell.swift */; };
		D1F4985320E8E89E00796F93 /* DisposableTableViewCell.swift in Sources */ = {isa = PBXBuildFile; fileRef = D1F4985220E8E89E00796F93 /* DisposableTableViewCell.swift */; };
		D1F4985A20E910C000796F93 /* NotificationSettingsCoreDataModel+CoreDataProperties.swift in Sources */ = {isa = PBXBuildFile; fileRef = D1F4985820E910C000796F93 /* NotificationSettingsCoreDataModel+CoreDataProperties.swift */; };
		D1F4985B20E910C000796F93 /* NotificationSettingsCoreDataModel+CoreDataClass.swift in Sources */ = {isa = PBXBuildFile; fileRef = D1F4985920E910C000796F93 /* NotificationSettingsCoreDataModel+CoreDataClass.swift */; };
		D1F6AB1A20D0549500461579 /* UIColor.swift in Sources */ = {isa = PBXBuildFile; fileRef = D1F6AB1920D0549500461579 /* UIColor.swift */; };
		D1F6AB1C20D0554A00461579 /* HighlightableTableViewCell.swift in Sources */ = {isa = PBXBuildFile; fileRef = D1F6AB1B20D0554A00461579 /* HighlightableTableViewCell.swift */; };
		D1F6AB1E20D055D700461579 /* GmailTableViewCell.swift in Sources */ = {isa = PBXBuildFile; fileRef = D1F6AB1D20D055D700461579 /* GmailTableViewCell.swift */; };
		D1F78BA520E15798003DA8AF /* NotificationAlert.swift in Sources */ = {isa = PBXBuildFile; fileRef = D1F78BA420E15798003DA8AF /* NotificationAlert.swift */; };
		D1F78BA720E16599003DA8AF /* Int.swift in Sources */ = {isa = PBXBuildFile; fileRef = D1F78BA620E16599003DA8AF /* Int.swift */; };
		D1F78BA920E16BAC003DA8AF /* NotificationAddAlertTableViewCell.swift in Sources */ = {isa = PBXBuildFile; fileRef = D1F78BA820E16BAC003DA8AF /* NotificationAddAlertTableViewCell.swift */; };
		D1F78BAB20E171F1003DA8AF /* NotificationPickerTableViewCell.swift in Sources */ = {isa = PBXBuildFile; fileRef = D1F78BAA20E171F1003DA8AF /* NotificationPickerTableViewCell.swift */; };
		EC21ADD328B6DA7D6B600587 /* Pods_Railway.framework in Frameworks */ = {isa = PBXBuildFile; fileRef = FDAD9297375B4E06BACB57E3 /* Pods_Railway.framework */; };
/* End PBXBuildFile section */

/* Begin PBXFileReference section */
		484DC03D9F1BB7A19C5B5258 /* Pods-Railway.release.xcconfig */ = {isa = PBXFileReference; includeInIndex = 1; lastKnownFileType = text.xcconfig; name = "Pods-Railway.release.xcconfig"; path = "Pods/Target Support Files/Pods-Railway/Pods-Railway.release.xcconfig"; sourceTree = "<group>"; };
		59EC450D753214532F229326 /* Pods-Railway.debug.xcconfig */ = {isa = PBXFileReference; includeInIndex = 1; lastKnownFileType = text.xcconfig; name = "Pods-Railway.debug.xcconfig"; path = "Pods/Target Support Files/Pods-Railway/Pods-Railway.debug.xcconfig"; sourceTree = "<group>"; };
		D1280D8020BC771300A386ED /* AddTicketViewController.swift */ = {isa = PBXFileReference; lastKnownFileType = sourcecode.swift; path = AddTicketViewController.swift; sourceTree = "<group>"; };
		D1280D8220BC7AB100A386ED /* AddTicketViewModel.swift */ = {isa = PBXFileReference; lastKnownFileType = sourcecode.swift; path = AddTicketViewModel.swift; sourceTree = "<group>"; };
		D12BC03020CB174D0005CBD1 /* MailSyncronizer.swift */ = {isa = PBXFileReference; lastKnownFileType = sourcecode.swift; path = MailSyncronizer.swift; sourceTree = "<group>"; };
		D12BC03220CB1A400005CBD1 /* Typealiases.swift */ = {isa = PBXFileReference; lastKnownFileType = sourcecode.swift; path = Typealiases.swift; sourceTree = "<group>"; };
		D12BEBBC207934ED0044F6F1 /* Place.swift */ = {isa = PBXFileReference; lastKnownFileType = sourcecode.swift; path = Place.swift; sourceTree = "<group>"; };
		D12BEBBF207936A10044F6F1 /* TicketViewModel.swift */ = {isa = PBXFileReference; lastKnownFileType = sourcecode.swift; path = TicketViewModel.swift; sourceTree = "<group>"; };
		D12BEBC3207939070044F6F1 /* TicketCollapsedTableViewCell.swift */ = {isa = PBXFileReference; lastKnownFileType = sourcecode.swift; path = TicketCollapsedTableViewCell.swift; sourceTree = "<group>"; };
		D12BEBE7207956850044F6F1 /* Railway.xcdatamodel */ = {isa = PBXFileReference; lastKnownFileType = wrapper.xcdatamodel; path = Railway.xcdatamodel; sourceTree = "<group>"; };
		D133E9672083A1BF00D007F4 /* StationCoreDataModel+CoreDataClass.swift */ = {isa = PBXFileReference; lastKnownFileType = sourcecode.swift; path = "StationCoreDataModel+CoreDataClass.swift"; sourceTree = "<group>"; };
		D133E9682083A1BF00D007F4 /* StationCoreDataModel+CoreDataProperties.swift */ = {isa = PBXFileReference; lastKnownFileType = sourcecode.swift; path = "StationCoreDataModel+CoreDataProperties.swift"; sourceTree = "<group>"; };
		D133E9692083A1BF00D007F4 /* TicketCoreDataModel+CoreDataClass.swift */ = {isa = PBXFileReference; lastKnownFileType = sourcecode.swift; path = "TicketCoreDataModel+CoreDataClass.swift"; sourceTree = "<group>"; };
		D133E96A2083A1BF00D007F4 /* TicketCoreDataModel+CoreDataProperties.swift */ = {isa = PBXFileReference; lastKnownFileType = sourcecode.swift; path = "TicketCoreDataModel+CoreDataProperties.swift"; sourceTree = "<group>"; };
		D133E96B2083A1BF00D007F4 /* PlaceCoreDataModel+CoreDataClass.swift */ = {isa = PBXFileReference; lastKnownFileType = sourcecode.swift; path = "PlaceCoreDataModel+CoreDataClass.swift"; sourceTree = "<group>"; };
		D133E96C2083A1BF00D007F4 /* PlaceCoreDataModel+CoreDataProperties.swift */ = {isa = PBXFileReference; lastKnownFileType = sourcecode.swift; path = "PlaceCoreDataModel+CoreDataProperties.swift"; sourceTree = "<group>"; };
		D133E9732083A33F00D007F4 /* DatabaseManager.swift */ = {isa = PBXFileReference; lastKnownFileType = sourcecode.swift; path = DatabaseManager.swift; sourceTree = "<group>"; };
		D133E9752083C31400D007F4 /* TicketDetailsViewController.swift */ = {isa = PBXFileReference; lastKnownFileType = sourcecode.swift; path = TicketDetailsViewController.swift; sourceTree = "<group>"; };
		D133E9792083CC1900D007F4 /* TicketDetailsViewModel.swift */ = {isa = PBXFileReference; lastKnownFileType = sourcecode.swift; path = TicketDetailsViewModel.swift; sourceTree = "<group>"; };
		D133E97C2083CC9B00D007F4 /* DateFormatters.swift */ = {isa = PBXFileReference; lastKnownFileType = sourcecode.swift; path = DateFormatters.swift; sourceTree = "<group>"; };
		D133E97E2083D3A400D007F4 /* PlaceView.xib */ = {isa = PBXFileReference; lastKnownFileType = file.xib; path = PlaceView.xib; sourceTree = "<group>"; };
		D133E9802083D5CF00D007F4 /* PlaceView.swift */ = {isa = PBXFileReference; lastKnownFileType = sourcecode.swift; path = PlaceView.swift; sourceTree = "<group>"; };
		D133E9832083D63D00D007F4 /* UIView.swift */ = {isa = PBXFileReference; lastKnownFileType = sourcecode.swift; path = UIView.swift; sourceTree = "<group>"; };
		D133E9852083D90100D007F4 /* PlaceViewModel.swift */ = {isa = PBXFileReference; lastKnownFileType = sourcecode.swift; path = PlaceViewModel.swift; sourceTree = "<group>"; };
		D13F4B2A20DFDF0600A3F8D9 /* NotificationsToggleTableViewCell.swift */ = {isa = PBXFileReference; lastKnownFileType = sourcecode.swift; path = NotificationsToggleTableViewCell.swift; sourceTree = "<group>"; };
		D13F4B2C20DFDF9700A3F8D9 /* NotificationRecordTableViewCell.swift */ = {isa = PBXFileReference; lastKnownFileType = sourcecode.swift; path = NotificationRecordTableViewCell.swift; sourceTree = "<group>"; };
		D13F4B2E20DFDFDA00A3F8D9 /* NotificationsViewModel.swift */ = {isa = PBXFileReference; lastKnownFileType = sourcecode.swift; path = NotificationsViewModel.swift; sourceTree = "<group>"; };
		D13F4B3020DFE13F00A3F8D9 /* NotificationsSection.swift */ = {isa = PBXFileReference; lastKnownFileType = sourcecode.swift; path = NotificationsSection.swift; sourceTree = "<group>"; };
		D1417B6D20D6D81C00A99DD8 /* NotificationManager.swift */ = {isa = PBXFileReference; lastKnownFileType = sourcecode.swift; path = NotificationManager.swift; sourceTree = "<group>"; };
		D15AFF3920CF09370023E596 /* SettingsSection.swift */ = {isa = PBXFileReference; lastKnownFileType = sourcecode.swift; path = SettingsSection.swift; sourceTree = "<group>"; };
		D15E4F6F20BC8C8300B18643 /* AddPlaceViewController.swift */ = {isa = PBXFileReference; lastKnownFileType = sourcecode.swift; path = AddPlaceViewController.swift; sourceTree = "<group>"; };
		D15E4F7120BC8E1200B18643 /* AddPlaceView.xib */ = {isa = PBXFileReference; lastKnownFileType = file.xib; path = AddPlaceView.xib; sourceTree = "<group>"; };
		D15E4F7320BC8E5E00B18643 /* AddPlaceView.swift */ = {isa = PBXFileReference; lastKnownFileType = sourcecode.swift; path = AddPlaceView.swift; sourceTree = "<group>"; };
		D16C046520DF98B1007155ED /* ru */ = {isa = PBXFileReference; lastKnownFileType = text.plist.strings; name = ru; path = ru.lproj/Main.strings; sourceTree = "<group>"; };
		D16C046620DF98B2007155ED /* ru */ = {isa = PBXFileReference; lastKnownFileType = text.plist.strings; name = ru; path = ru.lproj/LaunchScreen.strings; sourceTree = "<group>"; };
		D16C046720DF9CDA007155ED /* NotificationsViewController.swift */ = {isa = PBXFileReference; lastKnownFileType = sourcecode.swift; path = NotificationsViewController.swift; sourceTree = "<group>"; };
		D16C046920DF9E23007155ED /* NotificationSettingsTableViewCell.swift */ = {isa = PBXFileReference; lastKnownFileType = sourcecode.swift; path = NotificationSettingsTableViewCell.swift; sourceTree = "<group>"; };
		D16C046B20DFA032007155ED /* ContainerViewController.swift */ = {isa = PBXFileReference; lastKnownFileType = sourcecode.swift; path = ContainerViewController.swift; sourceTree = "<group>"; };
		D189540020FBD0E60040411D /* ExpandedTicketView.xib */ = {isa = PBXFileReference; lastKnownFileType = file.xib; path = ExpandedTicketView.xib; sourceTree = "<group>"; };
		D189540220FBD2850040411D /* CollapsedTicketView.xib */ = {isa = PBXFileReference; lastKnownFileType = file.xib; path = CollapsedTicketView.xib; sourceTree = "<group>"; };
		D189540420FBD2BC0040411D /* ExpandedTicketView.swift */ = {isa = PBXFileReference; lastKnownFileType = sourcecode.swift; path = ExpandedTicketView.swift; sourceTree = "<group>"; };
		D189540620FBD3BD0040411D /* CollapsedTicketView.swift */ = {isa = PBXFileReference; lastKnownFileType = sourcecode.swift; path = CollapsedTicketView.swift; sourceTree = "<group>"; };
		D189540820FBD61F0040411D /* TicketTransitionView.swift */ = {isa = PBXFileReference; lastKnownFileType = sourcecode.swift; path = TicketTransitionView.swift; sourceTree = "<group>"; };
		D1895EFD20BF0B730008EDB2 /* AddPlaceViewModel.swift */ = {isa = PBXFileReference; lastKnownFileType = sourcecode.swift; path = AddPlaceViewModel.swift; sourceTree = "<group>"; };
		D1B6C68420CBB8DE005774AA /* SettingsViewModel.swift */ = {isa = PBXFileReference; lastKnownFileType = sourcecode.swift; path = SettingsViewModel.swift; sourceTree = "<group>"; };
		D1D40F1E20EA7D1F002BE278 /* TicketOpenAnimator.swift */ = {isa = PBXFileReference; lastKnownFileType = sourcecode.swift; path = TicketOpenAnimator.swift; sourceTree = "<group>"; };
		D1DBE70E20741A06000587C8 /* Railway.app */ = {isa = PBXFileReference; explicitFileType = wrapper.application; includeInIndex = 0; path = Railway.app; sourceTree = BUILT_PRODUCTS_DIR; };
		D1DBE71120741A06000587C8 /* AppDelegate.swift */ = {isa = PBXFileReference; lastKnownFileType = sourcecode.swift; path = AppDelegate.swift; sourceTree = "<group>"; };
		D1DBE71620741A06000587C8 /* Base */ = {isa = PBXFileReference; lastKnownFileType = file.storyboard; name = Base; path = Base.lproj/Main.storyboard; sourceTree = "<group>"; };
		D1DBE71820741A07000587C8 /* Assets.xcassets */ = {isa = PBXFileReference; lastKnownFileType = folder.assetcatalog; path = Assets.xcassets; sourceTree = "<group>"; };
		D1DBE71B20741A07000587C8 /* Base */ = {isa = PBXFileReference; lastKnownFileType = file.storyboard; name = Base; path = Base.lproj/LaunchScreen.storyboard; sourceTree = "<group>"; };
		D1DBE71D20741A07000587C8 /* Info.plist */ = {isa = PBXFileReference; lastKnownFileType = text.plist.xml; path = Info.plist; sourceTree = "<group>"; };
		D1DBE72320741BB1000587C8 /* Ticket.swift */ = {isa = PBXFileReference; lastKnownFileType = sourcecode.swift; path = Ticket.swift; sourceTree = "<group>"; };
		D1DBE72520741C20000587C8 /* Station.swift */ = {isa = PBXFileReference; lastKnownFileType = sourcecode.swift; path = Station.swift; sourceTree = "<group>"; };
		D1DBE72720741C92000587C8 /* TicketListViewController.swift */ = {isa = PBXFileReference; lastKnownFileType = sourcecode.swift; path = TicketListViewController.swift; sourceTree = "<group>"; };
		D1DBE72B20741CF8000587C8 /* ViewController.swift */ = {isa = PBXFileReference; lastKnownFileType = sourcecode.swift; path = ViewController.swift; sourceTree = "<group>"; };
		D1DBE72D20741F1D000587C8 /* TicketListViewModel.swift */ = {isa = PBXFileReference; lastKnownFileType = sourcecode.swift; path = TicketListViewModel.swift; sourceTree = "<group>"; };
		D1DD9C6120C3BEA20050D56F /* SettingsViewController.swift */ = {isa = PBXFileReference; lastKnownFileType = sourcecode.swift; path = SettingsViewController.swift; sourceTree = "<group>"; };
		D1DD9C6320C3E9D70050D56F /* MessageProcessor.swift */ = {isa = PBXFileReference; lastKnownFileType = sourcecode.swift; path = MessageProcessor.swift; sourceTree = "<group>"; };
		D1DD9C6520C3EDF50050D56F /* Date.swift */ = {isa = PBXFileReference; lastKnownFileType = sourcecode.swift; path = Date.swift; sourceTree = "<group>"; };
		D1F4985020E8E07900796F93 /* NotificationSaveTableViewCell.swift */ = {isa = PBXFileReference; lastKnownFileType = sourcecode.swift; path = NotificationSaveTableViewCell.swift; sourceTree = "<group>"; };
		D1F4985220E8E89E00796F93 /* DisposableTableViewCell.swift */ = {isa = PBXFileReference; lastKnownFileType = sourcecode.swift; path = DisposableTableViewCell.swift; sourceTree = "<group>"; };
		D1F4985820E910C000796F93 /* NotificationSettingsCoreDataModel+CoreDataProperties.swift */ = {isa = PBXFileReference; lastKnownFileType = sourcecode.swift; name = "NotificationSettingsCoreDataModel+CoreDataProperties.swift"; path = "/Users/banner/Documents/Railway/Railway/Models/CoreData/NotificationSettingsCoreDataModel+CoreDataProperties.swift"; sourceTree = "<absolute>"; };
		D1F4985920E910C000796F93 /* NotificationSettingsCoreDataModel+CoreDataClass.swift */ = {isa = PBXFileReference; lastKnownFileType = sourcecode.swift; name = "NotificationSettingsCoreDataModel+CoreDataClass.swift"; path = "/Users/banner/Documents/Railway/Railway/Models/CoreData/NotificationSettingsCoreDataModel+CoreDataClass.swift"; sourceTree = "<absolute>"; };
		D1F6AB1920D0549500461579 /* UIColor.swift */ = {isa = PBXFileReference; lastKnownFileType = sourcecode.swift; path = UIColor.swift; sourceTree = "<group>"; };
		D1F6AB1B20D0554A00461579 /* HighlightableTableViewCell.swift */ = {isa = PBXFileReference; lastKnownFileType = sourcecode.swift; path = HighlightableTableViewCell.swift; sourceTree = "<group>"; };
		D1F6AB1D20D055D700461579 /* GmailTableViewCell.swift */ = {isa = PBXFileReference; lastKnownFileType = sourcecode.swift; path = GmailTableViewCell.swift; sourceTree = "<group>"; };
		D1F78BA420E15798003DA8AF /* NotificationAlert.swift */ = {isa = PBXFileReference; lastKnownFileType = sourcecode.swift; path = NotificationAlert.swift; sourceTree = "<group>"; };
		D1F78BA620E16599003DA8AF /* Int.swift */ = {isa = PBXFileReference; lastKnownFileType = sourcecode.swift; path = Int.swift; sourceTree = "<group>"; };
		D1F78BA820E16BAC003DA8AF /* NotificationAddAlertTableViewCell.swift */ = {isa = PBXFileReference; lastKnownFileType = sourcecode.swift; path = NotificationAddAlertTableViewCell.swift; sourceTree = "<group>"; };
		D1F78BAA20E171F1003DA8AF /* NotificationPickerTableViewCell.swift */ = {isa = PBXFileReference; lastKnownFileType = sourcecode.swift; path = NotificationPickerTableViewCell.swift; sourceTree = "<group>"; };
		FDAD9297375B4E06BACB57E3 /* Pods_Railway.framework */ = {isa = PBXFileReference; explicitFileType = wrapper.framework; includeInIndex = 0; path = Pods_Railway.framework; sourceTree = BUILT_PRODUCTS_DIR; };
/* End PBXFileReference section */

/* Begin PBXFrameworksBuildPhase section */
		D1DBE70B20741A06000587C8 /* Frameworks */ = {
			isa = PBXFrameworksBuildPhase;
			buildActionMask = 2147483647;
			files = (
				EC21ADD328B6DA7D6B600587 /* Pods_Railway.framework in Frameworks */,
			);
			runOnlyForDeploymentPostprocessing = 0;
		};
/* End PBXFrameworksBuildPhase section */

/* Begin PBXGroup section */
		D12BEBBB207934860044F6F1 /* Models */ = {
			isa = PBXGroup;
			children = (
				D12BEBE9207957E30044F6F1 /* CoreData */,
				D1DBE72320741BB1000587C8 /* Ticket.swift */,
				D1DBE72520741C20000587C8 /* Station.swift */,
				D12BEBBC207934ED0044F6F1 /* Place.swift */,
				D1F78BA420E15798003DA8AF /* NotificationAlert.swift */,
				D133E9732083A33F00D007F4 /* DatabaseManager.swift */,
				D133E97C2083CC9B00D007F4 /* DateFormatters.swift */,
				D1DD9C6320C3E9D70050D56F /* MessageProcessor.swift */,
				D12BC03020CB174D0005CBD1 /* MailSyncronizer.swift */,
				D1417B6D20D6D81C00A99DD8 /* NotificationManager.swift */,
				D12BC03220CB1A400005CBD1 /* Typealiases.swift */,
				D15AFF3920CF09370023E596 /* SettingsSection.swift */,
				D13F4B3020DFE13F00A3F8D9 /* NotificationsSection.swift */,
			);
			path = Models;
			sourceTree = "<group>";
		};
		D12BEBBE207936890044F6F1 /* ViewModels */ = {
			isa = PBXGroup;
			children = (
				D1DBE72D20741F1D000587C8 /* TicketListViewModel.swift */,
				D12BEBBF207936A10044F6F1 /* TicketViewModel.swift */,
				D133E9792083CC1900D007F4 /* TicketDetailsViewModel.swift */,
				D133E9852083D90100D007F4 /* PlaceViewModel.swift */,
				D1280D8220BC7AB100A386ED /* AddTicketViewModel.swift */,
				D1895EFD20BF0B730008EDB2 /* AddPlaceViewModel.swift */,
				D1B6C68420CBB8DE005774AA /* SettingsViewModel.swift */,
				D13F4B2E20DFDFDA00A3F8D9 /* NotificationsViewModel.swift */,
			);
			path = ViewModels;
			sourceTree = "<group>";
		};
		D12BEBC12079389E0044F6F1 /* ViewControllers */ = {
			isa = PBXGroup;
			children = (
				D1DBE72B20741CF8000587C8 /* ViewController.swift */,
				D16C046B20DFA032007155ED /* ContainerViewController.swift */,
				D1DBE72720741C92000587C8 /* TicketListViewController.swift */,
				D133E9752083C31400D007F4 /* TicketDetailsViewController.swift */,
				D1280D8020BC771300A386ED /* AddTicketViewController.swift */,
				D15E4F6F20BC8C8300B18643 /* AddPlaceViewController.swift */,
				D1DD9C6120C3BEA20050D56F /* SettingsViewController.swift */,
				D16C046720DF9CDA007155ED /* NotificationsViewController.swift */,
			);
			path = ViewControllers;
			sourceTree = "<group>";
		};
		D12BEBC2207938E50044F6F1 /* Views */ = {
			isa = PBXGroup;
			children = (
				D1F6AB1B20D0554A00461579 /* HighlightableTableViewCell.swift */,
				D1F4985220E8E89E00796F93 /* DisposableTableViewCell.swift */,
				D12BEBC3207939070044F6F1 /* TicketCollapsedTableViewCell.swift */,
				D1F6AB1D20D055D700461579 /* GmailTableViewCell.swift */,
				D16C046920DF9E23007155ED /* NotificationSettingsTableViewCell.swift */,
				D13F4B2A20DFDF0600A3F8D9 /* NotificationsToggleTableViewCell.swift */,
				D13F4B2C20DFDF9700A3F8D9 /* NotificationRecordTableViewCell.swift */,
				D1F78BA820E16BAC003DA8AF /* NotificationAddAlertTableViewCell.swift */,
				D1F78BAA20E171F1003DA8AF /* NotificationPickerTableViewCell.swift */,
				D1F4985020E8E07900796F93 /* NotificationSaveTableViewCell.swift */,
				D133E97E2083D3A400D007F4 /* PlaceView.xib */,
				D133E9802083D5CF00D007F4 /* PlaceView.swift */,
				D15E4F7120BC8E1200B18643 /* AddPlaceView.xib */,
				D15E4F7320BC8E5E00B18643 /* AddPlaceView.swift */,
				D189540020FBD0E60040411D /* ExpandedTicketView.xib */,
				D189540420FBD2BC0040411D /* ExpandedTicketView.swift */,
				D189540220FBD2850040411D /* CollapsedTicketView.xib */,
				D189540620FBD3BD0040411D /* CollapsedTicketView.swift */,
				D189540820FBD61F0040411D /* TicketTransitionView.swift */,
			);
			path = Views;
			sourceTree = "<group>";
		};
		D12BEBE9207957E30044F6F1 /* CoreData */ = {
			isa = PBXGroup;
			children = (
				D1F4985920E910C000796F93 /* NotificationSettingsCoreDataModel+CoreDataClass.swift */,
				D1F4985820E910C000796F93 /* NotificationSettingsCoreDataModel+CoreDataProperties.swift */,
				D133E9672083A1BF00D007F4 /* StationCoreDataModel+CoreDataClass.swift */,
				D133E9682083A1BF00D007F4 /* StationCoreDataModel+CoreDataProperties.swift */,
				D133E9692083A1BF00D007F4 /* TicketCoreDataModel+CoreDataClass.swift */,
				D133E96A2083A1BF00D007F4 /* TicketCoreDataModel+CoreDataProperties.swift */,
				D133E96B2083A1BF00D007F4 /* PlaceCoreDataModel+CoreDataClass.swift */,
				D133E96C2083A1BF00D007F4 /* PlaceCoreDataModel+CoreDataProperties.swift */,
			);
			path = CoreData;
			sourceTree = "<group>";
		};
		D133E9822083D62E00D007F4 /* Extensions */ = {
			isa = PBXGroup;
			children = (
				D133E9832083D63D00D007F4 /* UIView.swift */,
				D1DD9C6520C3EDF50050D56F /* Date.swift */,
				D1F6AB1920D0549500461579 /* UIColor.swift */,
				D1F78BA620E16599003DA8AF /* Int.swift */,
			);
			path = Extensions;
			sourceTree = "<group>";
		};
		D1D40F1D20EA7CFE002BE278 /* Animators */ = {
			isa = PBXGroup;
			children = (
				D1D40F1E20EA7D1F002BE278 /* TicketOpenAnimator.swift */,
			);
			path = Animators;
			sourceTree = "<group>";
		};
		D1DBE70520741A06000587C8 = {
			isa = PBXGroup;
			children = (
				D1DBE71020741A06000587C8 /* Railway */,
				D1DBE70F20741A06000587C8 /* Products */,
				E0396B275D6BBF7FE0DB7C48 /* Pods */,
				E110037B107136DD757F6919 /* Frameworks */,
			);
			sourceTree = "<group>";
		};
		D1DBE70F20741A06000587C8 /* Products */ = {
			isa = PBXGroup;
			children = (
				D1DBE70E20741A06000587C8 /* Railway.app */,
			);
			name = Products;
			sourceTree = "<group>";
		};
		D1DBE71020741A06000587C8 /* Railway */ = {
			isa = PBXGroup;
			children = (
				D1DBE71120741A06000587C8 /* AppDelegate.swift */,
				D12BEBE6207956850044F6F1 /* Railway.xcdatamodeld */,
				D133E9822083D62E00D007F4 /* Extensions */,
				D12BEBBB207934860044F6F1 /* Models */,
				D12BEBBE207936890044F6F1 /* ViewModels */,
				D12BEBC2207938E50044F6F1 /* Views */,
				D1D40F1D20EA7CFE002BE278 /* Animators */,
				D12BEBC12079389E0044F6F1 /* ViewControllers */,
				D1DBE71520741A06000587C8 /* Main.storyboard */,
				D1DBE71820741A07000587C8 /* Assets.xcassets */,
				D1DBE71A20741A07000587C8 /* LaunchScreen.storyboard */,
				D1DBE71D20741A07000587C8 /* Info.plist */,
			);
			path = Railway;
			sourceTree = "<group>";
		};
		E0396B275D6BBF7FE0DB7C48 /* Pods */ = {
			isa = PBXGroup;
			children = (
				59EC450D753214532F229326 /* Pods-Railway.debug.xcconfig */,
				484DC03D9F1BB7A19C5B5258 /* Pods-Railway.release.xcconfig */,
			);
			name = Pods;
			sourceTree = "<group>";
		};
		E110037B107136DD757F6919 /* Frameworks */ = {
			isa = PBXGroup;
			children = (
				FDAD9297375B4E06BACB57E3 /* Pods_Railway.framework */,
			);
			name = Frameworks;
			sourceTree = "<group>";
		};
/* End PBXGroup section */

/* Begin PBXNativeTarget section */
		D1DBE70D20741A06000587C8 /* Railway */ = {
			isa = PBXNativeTarget;
			buildConfigurationList = D1DBE72020741A07000587C8 /* Build configuration list for PBXNativeTarget "Railway" */;
			buildPhases = (
				4E086722840C194ECD999425 /* [CP] Check Pods Manifest.lock */,
				D1DBE70A20741A06000587C8 /* Sources */,
				D1DBE70B20741A06000587C8 /* Frameworks */,
				D1DBE70C20741A06000587C8 /* Resources */,
				35EC9A7E4F070911FE4DDA85 /* [CP] Embed Pods Frameworks */,
				E56219E6EA03A31FAD9D30EE /* [CP] Copy Pods Resources */,
				D191AF1320D4F24200F71E67 /* ShellScript */,
			);
			buildRules = (
			);
			dependencies = (
			);
			name = Railway;
			productName = Railway;
			productReference = D1DBE70E20741A06000587C8 /* Railway.app */;
			productType = "com.apple.product-type.application";
		};
/* End PBXNativeTarget section */

/* Begin PBXProject section */
		D1DBE70620741A06000587C8 /* Project object */ = {
			isa = PBXProject;
			attributes = {
				LastSwiftUpdateCheck = 0930;
				LastUpgradeCheck = 0930;
				ORGANIZATIONNAME = "Евгений Соболь";
				TargetAttributes = {
					D1DBE70D20741A06000587C8 = {
						CreatedOnToolsVersion = 9.3;
						ProvisioningStyle = Manual;
					};
				};
			};
			buildConfigurationList = D1DBE70920741A06000587C8 /* Build configuration list for PBXProject "Railway" */;
			compatibilityVersion = "Xcode 8.0";
			developmentRegion = ru;
			hasScannedForEncodings = 0;
			knownRegions = (
				en,
				Base,
			);
			mainGroup = D1DBE70520741A06000587C8;
			productRefGroup = D1DBE70F20741A06000587C8 /* Products */;
			projectDirPath = "";
			projectRoot = "";
			targets = (
				D1DBE70D20741A06000587C8 /* Railway */,
			);
		};
/* End PBXProject section */

/* Begin PBXResourcesBuildPhase section */
		D1DBE70C20741A06000587C8 /* Resources */ = {
			isa = PBXResourcesBuildPhase;
			buildActionMask = 2147483647;
			files = (
				D189540120FBD0E60040411D /* ExpandedTicketView.xib in Resources */,
				D1DBE71C20741A07000587C8 /* LaunchScreen.storyboard in Resources */,
				D15E4F7220BC8E1200B18643 /* AddPlaceView.xib in Resources */,
				D1DBE71920741A07000587C8 /* Assets.xcassets in Resources */,
				D189540320FBD2850040411D /* CollapsedTicketView.xib in Resources */,
				D133E97F2083D3A400D007F4 /* PlaceView.xib in Resources */,
				D1DBE71720741A06000587C8 /* Main.storyboard in Resources */,
			);
			runOnlyForDeploymentPostprocessing = 0;
		};
/* End PBXResourcesBuildPhase section */

/* Begin PBXShellScriptBuildPhase section */
		35EC9A7E4F070911FE4DDA85 /* [CP] Embed Pods Frameworks */ = {
			isa = PBXShellScriptBuildPhase;
			buildActionMask = 2147483647;
			files = (
			);
			inputPaths = (
				"${SRCROOT}/Pods/Target Support Files/Pods-Railway/Pods-Railway-frameworks.sh",
				"${BUILT_PRODUCTS_DIR}/Differentiator/Differentiator.framework",
				"${BUILT_PRODUCTS_DIR}/GTMOAuth2/GTMOAuth2.framework",
				"${BUILT_PRODUCTS_DIR}/GTMSessionFetcher/GTMSessionFetcher.framework",
				"${BUILT_PRODUCTS_DIR}/GoogleAPIClientForREST/GoogleAPIClientForREST.framework",
				"${BUILT_PRODUCTS_DIR}/GoogleToolboxForMac/GoogleToolboxForMac.framework",
				"${PODS_ROOT}/Reveal-SDK/RevealServer-15/iOS/RevealServer.framework",
				"${BUILT_PRODUCTS_DIR}/RxCocoa/RxCocoa.framework",
				"${BUILT_PRODUCTS_DIR}/RxDataSources/RxDataSources.framework",
				"${BUILT_PRODUCTS_DIR}/RxSwift/RxSwift.framework",
			);
			name = "[CP] Embed Pods Frameworks";
			outputPaths = (
				"${TARGET_BUILD_DIR}/${FRAMEWORKS_FOLDER_PATH}/Differentiator.framework",
				"${TARGET_BUILD_DIR}/${FRAMEWORKS_FOLDER_PATH}/GTMOAuth2.framework",
				"${TARGET_BUILD_DIR}/${FRAMEWORKS_FOLDER_PATH}/GTMSessionFetcher.framework",
				"${TARGET_BUILD_DIR}/${FRAMEWORKS_FOLDER_PATH}/GoogleAPIClientForREST.framework",
				"${TARGET_BUILD_DIR}/${FRAMEWORKS_FOLDER_PATH}/GoogleToolboxForMac.framework",
				"${TARGET_BUILD_DIR}/${FRAMEWORKS_FOLDER_PATH}/RevealServer.framework",
				"${TARGET_BUILD_DIR}/${FRAMEWORKS_FOLDER_PATH}/RxCocoa.framework",
				"${TARGET_BUILD_DIR}/${FRAMEWORKS_FOLDER_PATH}/RxDataSources.framework",
				"${TARGET_BUILD_DIR}/${FRAMEWORKS_FOLDER_PATH}/RxSwift.framework",
			);
			runOnlyForDeploymentPostprocessing = 0;
			shellPath = /bin/sh;
			shellScript = "\"${SRCROOT}/Pods/Target Support Files/Pods-Railway/Pods-Railway-frameworks.sh\"\n";
			showEnvVarsInLog = 0;
		};
		4E086722840C194ECD999425 /* [CP] Check Pods Manifest.lock */ = {
			isa = PBXShellScriptBuildPhase;
			buildActionMask = 2147483647;
			files = (
			);
			inputPaths = (
				"${PODS_PODFILE_DIR_PATH}/Podfile.lock",
				"${PODS_ROOT}/Manifest.lock",
			);
			name = "[CP] Check Pods Manifest.lock";
			outputPaths = (
				"$(DERIVED_FILE_DIR)/Pods-Railway-checkManifestLockResult.txt",
			);
			runOnlyForDeploymentPostprocessing = 0;
			shellPath = /bin/sh;
			shellScript = "diff \"${PODS_PODFILE_DIR_PATH}/Podfile.lock\" \"${PODS_ROOT}/Manifest.lock\" > /dev/null\nif [ $? != 0 ] ; then\n    # print error to STDERR\n    echo \"error: The sandbox is not in sync with the Podfile.lock. Run 'pod install' or update your CocoaPods installation.\" >&2\n    exit 1\nfi\n# This output is used by Xcode 'outputs' to avoid re-running this script phase.\necho \"SUCCESS\" > \"${SCRIPT_OUTPUT_FILE_0}\"\n";
			showEnvVarsInLog = 0;
		};
		D191AF1320D4F24200F71E67 /* ShellScript */ = {
			isa = PBXShellScriptBuildPhase;
			buildActionMask = 2147483647;
			files = (
			);
			inputFileListPaths = (
			);
			inputPaths = (
			);
			outputFileListPaths = (
			);
			outputPaths = (
			);
			runOnlyForDeploymentPostprocessing = 0;
			shellPath = /bin/sh;
			shellScript = "\"${PODS_ROOT}/Fabric/run\" b77d33fb659e7a29dc3523531a005322d40201f6 376039fb696d8d071944efc7dddf477158d041146d40cd9c625b7eb3070e418f\n";
		};
		E56219E6EA03A31FAD9D30EE /* [CP] Copy Pods Resources */ = {
			isa = PBXShellScriptBuildPhase;
			buildActionMask = 2147483647;
			files = (
			);
			inputPaths = (
				"${SRCROOT}/Pods/Target Support Files/Pods-Railway/Pods-Railway-resources.sh",
				"${PODS_ROOT}/GoogleSignIn/Resources/GoogleSignIn.bundle",
			);
			name = "[CP] Copy Pods Resources";
			outputPaths = (
				"${TARGET_BUILD_DIR}/${UNLOCALIZED_RESOURCES_FOLDER_PATH}/GoogleSignIn.bundle",
			);
			runOnlyForDeploymentPostprocessing = 0;
			shellPath = /bin/sh;
			shellScript = "\"${SRCROOT}/Pods/Target Support Files/Pods-Railway/Pods-Railway-resources.sh\"\n";
			showEnvVarsInLog = 0;
		};
/* End PBXShellScriptBuildPhase section */

/* Begin PBXSourcesBuildPhase section */
		D1DBE70A20741A06000587C8 /* Sources */ = {
			isa = PBXSourcesBuildPhase;
			buildActionMask = 2147483647;
			files = (
				D12BEBC0207936A10044F6F1 /* TicketViewModel.swift in Sources */,
				D133E96E2083A1BF00D007F4 /* StationCoreDataModel+CoreDataProperties.swift in Sources */,
				D133E9842083D63D00D007F4 /* UIView.swift in Sources */,
				D12BEBC4207939070044F6F1 /* TicketCollapsedTableViewCell.swift in Sources */,
				D133E9862083D90100D007F4 /* PlaceViewModel.swift in Sources */,
				D13F4B2F20DFDFDA00A3F8D9 /* NotificationsViewModel.swift in Sources */,
				D1DBE72E20741F1D000587C8 /* TicketListViewModel.swift in Sources */,
				D1417B6E20D6D81C00A99DD8 /* NotificationManager.swift in Sources */,
				D1F4985A20E910C000796F93 /* NotificationSettingsCoreDataModel+CoreDataProperties.swift in Sources */,
				D133E9742083A33F00D007F4 /* DatabaseManager.swift in Sources */,
				D12BEBE8207956860044F6F1 /* Railway.xcdatamodeld in Sources */,
				D1895EFE20BF0B730008EDB2 /* AddPlaceViewModel.swift in Sources */,
				D1F4985120E8E07900796F93 /* NotificationSaveTableViewCell.swift in Sources */,
				D15E4F7420BC8E5E00B18643 /* AddPlaceView.swift in Sources */,
				D1F78BAB20E171F1003DA8AF /* NotificationPickerTableViewCell.swift in Sources */,
				D13F4B3120DFE13F00A3F8D9 /* NotificationsSection.swift in Sources */,
				D1F4985B20E910C000796F93 /* NotificationSettingsCoreDataModel+CoreDataClass.swift in Sources */,
				D133E97A2083CC1900D007F4 /* TicketDetailsViewModel.swift in Sources */,
				D1F78BA920E16BAC003DA8AF /* NotificationAddAlertTableViewCell.swift in Sources */,
				D1D40F1F20EA7D1F002BE278 /* TicketOpenAnimator.swift in Sources */,
				D133E96F2083A1BF00D007F4 /* TicketCoreDataModel+CoreDataClass.swift in Sources */,
				D1F78BA720E16599003DA8AF /* Int.swift in Sources */,
				D13F4B2D20DFDF9700A3F8D9 /* NotificationRecordTableViewCell.swift in Sources */,
				D1280D8320BC7AB100A386ED /* AddTicketViewModel.swift in Sources */,
				D1F6AB1A20D0549500461579 /* UIColor.swift in Sources */,
				D16C046820DF9CDA007155ED /* NotificationsViewController.swift in Sources */,
				D16C046C20DFA032007155ED /* ContainerViewController.swift in Sources */,
				D189540520FBD2BC0040411D /* ExpandedTicketView.swift in Sources */,
				D1F78BA520E15798003DA8AF /* NotificationAlert.swift in Sources */,
				D1DBE72C20741CF8000587C8 /* ViewController.swift in Sources */,
				D133E9812083D5CF00D007F4 /* PlaceView.swift in Sources */,
				D1DBE72820741C92000587C8 /* TicketListViewController.swift in Sources */,
				D15E4F7020BC8C8300B18643 /* AddPlaceViewController.swift in Sources */,
				D1DBE71220741A06000587C8 /* AppDelegate.swift in Sources */,
				D16C046A20DF9E23007155ED /* NotificationSettingsTableViewCell.swift in Sources */,
				D1DD9C6420C3E9D70050D56F /* MessageProcessor.swift in Sources */,
				D133E96D2083A1BF00D007F4 /* StationCoreDataModel+CoreDataClass.swift in Sources */,
				D133E9722083A1BF00D007F4 /* PlaceCoreDataModel+CoreDataProperties.swift in Sources */,
				D133E9702083A1BF00D007F4 /* TicketCoreDataModel+CoreDataProperties.swift in Sources */,
				D1DBE72620741C20000587C8 /* Station.swift in Sources */,
				D1F6AB1C20D0554A00461579 /* HighlightableTableViewCell.swift in Sources */,
				D133E9712083A1BF00D007F4 /* PlaceCoreDataModel+CoreDataClass.swift in Sources */,
				D1DD9C6220C3BEA20050D56F /* SettingsViewController.swift in Sources */,
				D1B6C68520CBB8DE005774AA /* SettingsViewModel.swift in Sources */,
				D1F6AB1E20D055D700461579 /* GmailTableViewCell.swift in Sources */,
				D12BC03120CB174D0005CBD1 /* MailSyncronizer.swift in Sources */,
				D133E97D2083CC9B00D007F4 /* DateFormatters.swift in Sources */,
				D15AFF3A20CF09370023E596 /* SettingsSection.swift in Sources */,
				D189540920FBD61F0040411D /* TicketTransitionView.swift in Sources */,
				D189540720FBD3BD0040411D /* CollapsedTicketView.swift in Sources */,
				D1280D8120BC771300A386ED /* AddTicketViewController.swift in Sources */,
				D1F4985320E8E89E00796F93 /* DisposableTableViewCell.swift in Sources */,
				D13F4B2B20DFDF0600A3F8D9 /* NotificationsToggleTableViewCell.swift in Sources */,
				D1DD9C6620C3EDF50050D56F /* Date.swift in Sources */,
				D12BC03320CB1A400005CBD1 /* Typealiases.swift in Sources */,
				D133E9762083C31400D007F4 /* TicketDetailsViewController.swift in Sources */,
				D12BEBBD207934ED0044F6F1 /* Place.swift in Sources */,
				D1DBE72420741BB1000587C8 /* Ticket.swift in Sources */,
			);
			runOnlyForDeploymentPostprocessing = 0;
		};
/* End PBXSourcesBuildPhase section */

/* Begin PBXVariantGroup section */
		D1DBE71520741A06000587C8 /* Main.storyboard */ = {
			isa = PBXVariantGroup;
			children = (
				D1DBE71620741A06000587C8 /* Base */,
				D16C046520DF98B1007155ED /* ru */,
			);
			name = Main.storyboard;
			sourceTree = "<group>";
		};
		D1DBE71A20741A07000587C8 /* LaunchScreen.storyboard */ = {
			isa = PBXVariantGroup;
			children = (
				D1DBE71B20741A07000587C8 /* Base */,
				D16C046620DF98B2007155ED /* ru */,
			);
			name = LaunchScreen.storyboard;
			sourceTree = "<group>";
		};
/* End PBXVariantGroup section */

/* Begin XCBuildConfiguration section */
		D1DBE71E20741A07000587C8 /* Debug */ = {
			isa = XCBuildConfiguration;
			buildSettings = {
				ALWAYS_SEARCH_USER_PATHS = NO;
				CLANG_ANALYZER_LOCALIZABILITY_NONLOCALIZED = YES;
				CLANG_ANALYZER_NONNULL = YES;
				CLANG_ANALYZER_NUMBER_OBJECT_CONVERSION = YES_AGGRESSIVE;
				CLANG_CXX_LANGUAGE_STANDARD = "gnu++14";
				CLANG_CXX_LIBRARY = "libc++";
				CLANG_ENABLE_MODULES = YES;
				CLANG_ENABLE_OBJC_ARC = YES;
				CLANG_ENABLE_OBJC_WEAK = YES;
				CLANG_WARN_BLOCK_CAPTURE_AUTORELEASING = YES;
				CLANG_WARN_BOOL_CONVERSION = YES;
				CLANG_WARN_COMMA = YES;
				CLANG_WARN_CONSTANT_CONVERSION = YES;
				CLANG_WARN_DEPRECATED_OBJC_IMPLEMENTATIONS = YES;
				CLANG_WARN_DIRECT_OBJC_ISA_USAGE = YES_ERROR;
				CLANG_WARN_DOCUMENTATION_COMMENTS = YES;
				CLANG_WARN_EMPTY_BODY = YES;
				CLANG_WARN_ENUM_CONVERSION = YES;
				CLANG_WARN_INFINITE_RECURSION = YES;
				CLANG_WARN_INT_CONVERSION = YES;
				CLANG_WARN_NON_LITERAL_NULL_CONVERSION = YES;
				CLANG_WARN_OBJC_IMPLICIT_RETAIN_SELF = YES;
				CLANG_WARN_OBJC_LITERAL_CONVERSION = YES;
				CLANG_WARN_OBJC_ROOT_CLASS = YES_ERROR;
				CLANG_WARN_RANGE_LOOP_ANALYSIS = YES;
				CLANG_WARN_STRICT_PROTOTYPES = YES;
				CLANG_WARN_SUSPICIOUS_MOVE = YES;
				CLANG_WARN_UNGUARDED_AVAILABILITY = YES_AGGRESSIVE;
				CLANG_WARN_UNREACHABLE_CODE = YES;
				CLANG_WARN__DUPLICATE_METHOD_MATCH = YES;
				CODE_SIGN_IDENTITY = "iPhone Developer";
				COPY_PHASE_STRIP = NO;
				DEBUG_INFORMATION_FORMAT = dwarf;
				ENABLE_STRICT_OBJC_MSGSEND = YES;
				ENABLE_TESTABILITY = YES;
				GCC_C_LANGUAGE_STANDARD = gnu11;
				GCC_DYNAMIC_NO_PIC = NO;
				GCC_NO_COMMON_BLOCKS = YES;
				GCC_OPTIMIZATION_LEVEL = 0;
				GCC_PREPROCESSOR_DEFINITIONS = (
					"DEBUG=1",
					"$(inherited)",
				);
				GCC_WARN_64_TO_32_BIT_CONVERSION = YES;
				GCC_WARN_ABOUT_RETURN_TYPE = YES_ERROR;
				GCC_WARN_UNDECLARED_SELECTOR = YES;
				GCC_WARN_UNINITIALIZED_AUTOS = YES_AGGRESSIVE;
				GCC_WARN_UNUSED_FUNCTION = YES;
				GCC_WARN_UNUSED_VARIABLE = YES;
				IPHONEOS_DEPLOYMENT_TARGET = 11.3;
				MTL_ENABLE_DEBUG_INFO = YES;
				ONLY_ACTIVE_ARCH = YES;
				SDKROOT = iphoneos;
				SWIFT_ACTIVE_COMPILATION_CONDITIONS = DEBUG;
				SWIFT_OPTIMIZATION_LEVEL = "-Onone";
			};
			name = Debug;
		};
		D1DBE71F20741A07000587C8 /* Release */ = {
			isa = XCBuildConfiguration;
			buildSettings = {
				ALWAYS_SEARCH_USER_PATHS = NO;
				CLANG_ANALYZER_LOCALIZABILITY_NONLOCALIZED = YES;
				CLANG_ANALYZER_NONNULL = YES;
				CLANG_ANALYZER_NUMBER_OBJECT_CONVERSION = YES_AGGRESSIVE;
				CLANG_CXX_LANGUAGE_STANDARD = "gnu++14";
				CLANG_CXX_LIBRARY = "libc++";
				CLANG_ENABLE_MODULES = YES;
				CLANG_ENABLE_OBJC_ARC = YES;
				CLANG_ENABLE_OBJC_WEAK = YES;
				CLANG_WARN_BLOCK_CAPTURE_AUTORELEASING = YES;
				CLANG_WARN_BOOL_CONVERSION = YES;
				CLANG_WARN_COMMA = YES;
				CLANG_WARN_CONSTANT_CONVERSION = YES;
				CLANG_WARN_DEPRECATED_OBJC_IMPLEMENTATIONS = YES;
				CLANG_WARN_DIRECT_OBJC_ISA_USAGE = YES_ERROR;
				CLANG_WARN_DOCUMENTATION_COMMENTS = YES;
				CLANG_WARN_EMPTY_BODY = YES;
				CLANG_WARN_ENUM_CONVERSION = YES;
				CLANG_WARN_INFINITE_RECURSION = YES;
				CLANG_WARN_INT_CONVERSION = YES;
				CLANG_WARN_NON_LITERAL_NULL_CONVERSION = YES;
				CLANG_WARN_OBJC_IMPLICIT_RETAIN_SELF = YES;
				CLANG_WARN_OBJC_LITERAL_CONVERSION = YES;
				CLANG_WARN_OBJC_ROOT_CLASS = YES_ERROR;
				CLANG_WARN_RANGE_LOOP_ANALYSIS = YES;
				CLANG_WARN_STRICT_PROTOTYPES = YES;
				CLANG_WARN_SUSPICIOUS_MOVE = YES;
				CLANG_WARN_UNGUARDED_AVAILABILITY = YES_AGGRESSIVE;
				CLANG_WARN_UNREACHABLE_CODE = YES;
				CLANG_WARN__DUPLICATE_METHOD_MATCH = YES;
				CODE_SIGN_IDENTITY = "iPhone Developer";
				COPY_PHASE_STRIP = NO;
				DEBUG_INFORMATION_FORMAT = "dwarf-with-dsym";
				ENABLE_NS_ASSERTIONS = NO;
				ENABLE_STRICT_OBJC_MSGSEND = YES;
				GCC_C_LANGUAGE_STANDARD = gnu11;
				GCC_NO_COMMON_BLOCKS = YES;
				GCC_WARN_64_TO_32_BIT_CONVERSION = YES;
				GCC_WARN_ABOUT_RETURN_TYPE = YES_ERROR;
				GCC_WARN_UNDECLARED_SELECTOR = YES;
				GCC_WARN_UNINITIALIZED_AUTOS = YES_AGGRESSIVE;
				GCC_WARN_UNUSED_FUNCTION = YES;
				GCC_WARN_UNUSED_VARIABLE = YES;
				IPHONEOS_DEPLOYMENT_TARGET = 11.3;
				MTL_ENABLE_DEBUG_INFO = NO;
				SDKROOT = iphoneos;
				SWIFT_OPTIMIZATION_LEVEL = "-Owholemodule";
				VALIDATE_PRODUCT = YES;
			};
			name = Release;
		};
		D1DBE72120741A07000587C8 /* Debug */ = {
			isa = XCBuildConfiguration;
			baseConfigurationReference = 59EC450D753214532F229326 /* Pods-Railway.debug.xcconfig */;
			buildSettings = {
				ASSETCATALOG_COMPILER_APPICON_NAME = AppIcon;
				CODE_SIGN_STYLE = Manual;
				DEVELOPMENT_TEAM = 59BWRK25DR;
				INFOPLIST_FILE = Railway/Info.plist;
				LD_RUNPATH_SEARCH_PATHS = "$(inherited) @executable_path/Frameworks";
				PRODUCT_BUNDLE_IDENTIFIER = esobol.Railway;
				PRODUCT_NAME = "$(TARGET_NAME)";
				PROVISIONING_PROFILE = "4a7f57cf-e7a6-44b0-88f0-2aa0a8458b18";
				PROVISIONING_PROFILE_SPECIFIER = "Railway dev";
				SWIFT_VERSION = 4.0;
				TARGETED_DEVICE_FAMILY = "1,2";
			};
			name = Debug;
		};
		D1DBE72220741A07000587C8 /* Release */ = {
			isa = XCBuildConfiguration;
			baseConfigurationReference = 484DC03D9F1BB7A19C5B5258 /* Pods-Railway.release.xcconfig */;
			buildSettings = {
				ASSETCATALOG_COMPILER_APPICON_NAME = AppIcon;
				CODE_SIGN_STYLE = Manual;
				DEVELOPMENT_TEAM = 59BWRK25DR;
				INFOPLIST_FILE = Railway/Info.plist;
				LD_RUNPATH_SEARCH_PATHS = "$(inherited) @executable_path/Frameworks";
				PRODUCT_BUNDLE_IDENTIFIER = esobol.Railway;
				PRODUCT_NAME = "$(TARGET_NAME)";
				PROVISIONING_PROFILE = "4a7f57cf-e7a6-44b0-88f0-2aa0a8458b18";
				PROVISIONING_PROFILE_SPECIFIER = "Railway dev";
				SWIFT_VERSION = 4.0;
				TARGETED_DEVICE_FAMILY = "1,2";
			};
			name = Release;
		};
/* End XCBuildConfiguration section */

/* Begin XCConfigurationList section */
		D1DBE70920741A06000587C8 /* Build configuration list for PBXProject "Railway" */ = {
			isa = XCConfigurationList;
			buildConfigurations = (
				D1DBE71E20741A07000587C8 /* Debug */,
				D1DBE71F20741A07000587C8 /* Release */,
			);
			defaultConfigurationIsVisible = 0;
			defaultConfigurationName = Release;
		};
		D1DBE72020741A07000587C8 /* Build configuration list for PBXNativeTarget "Railway" */ = {
			isa = XCConfigurationList;
			buildConfigurations = (
				D1DBE72120741A07000587C8 /* Debug */,
				D1DBE72220741A07000587C8 /* Release */,
			);
			defaultConfigurationIsVisible = 0;
			defaultConfigurationName = Release;
		};
/* End XCConfigurationList section */

/* Begin XCVersionGroup section */
		D12BEBE6207956850044F6F1 /* Railway.xcdatamodeld */ = {
			isa = XCVersionGroup;
			children = (
				D12BEBE7207956850044F6F1 /* Railway.xcdatamodel */,
			);
			currentVersion = D12BEBE7207956850044F6F1 /* Railway.xcdatamodel */;
			path = Railway.xcdatamodeld;
			sourceTree = "<group>";
			versionGroupType = wrapper.xcdatamodel;
		};
/* End XCVersionGroup section */
	};
	rootObject = D1DBE70620741A06000587C8 /* Project object */;
}
